{
  "version": 4,
  "terraform_version": "1.14.7",
  "serial": 194,
  "lineage": "0357914b-d4c2-da6d-ab10-a68aa8ca8f30",
  "outputs": {
    "alb_dns_name": {
      "value": "blockchain-ai-alb-638081347.ap-south-1.elb.amazonaws.com",
      "type": "string"
    },
    "app_bucket_name": {
      "value": "blockchain-ai-app-hrextw",
      "type": "string"
    },
    "app_url": {
      "value": "http://blockchain-ai-alb-638081347.ap-south-1.elb.amazonaws.com",
      "type": "string"
    },
    "db_endpoint": {
      "value": "blockchain-ai-mysql-db.cpe802c2wbai.ap-south-1.rds.amazonaws.com:3306",
      "type": "string"
    },
    "db_host": {
      "value": "blockchain-ai-mysql-db.cpe802c2wbai.ap-south-1.rds.amazonaws.com",
      "type": "string"
    },
    "db_name": {
      "value": "blockchaindb",
      "type": "string"
    },
    "deployment_summary": {
      "value": "\r\n╔══════════════════════════════════════════════════╗\r\n║     BLOCKCHAIN-AI DEPLOYMENT COMPLETE            ║\r\n╠══════════════════════════════════════════════════╣\r\n║  App URL    : http://blockchain-ai-alb-638081347.ap-south-1.elb.amazonaws.com\r\n║  EC2 IP     : 13.234.239.245\r\n║  DB Host    : blockchain-ai-mysql-db.cpe802c2wbai.ap-south-1.rds.amazonaws.com\r\n║  S3 Bucket  : blockchain-ai-app-hrextw\r\n║  Region     : ap-south-1 (Mumbai)\r\n╚══════════════════════════════════════════════════╝\r\n\r\n",
      "type": "string"
    },
    "ec2_instance_id": {
      "value": "i-0b830716bc594ecf2",
      "type": "string"
    },
    "ec2_public_ip": {
      "value": "13.234.239.245",
      "type": "string"
    },
    "logs_bucket_name": {
      "value": "blockchain-ai-logs-hrextw",
      "type": "string"
    },
    "private_subnet_ids": {
      "value": [
        "subnet-0bee3d32cdc383db2",
        "subnet-0b5cd2e9243571f5b"
      ],
      "type": [
        "tuple",
        [
          "string",
          "string"
        ]
      ]
    },
    "public_subnet_ids": {
      "value": [
        "subnet-01f55bf13e86a6207",
        "subnet-0bd536d01ad543251"
      ],
      "type": [
        "tuple",
        [
          "string",
          "string"
        ]
      ]
    },
    "ssh_command": {
      "value": "ssh -i blockchain-ai-key.pem ec2-user@13.234.239.245",
      "type": "string"
    },
    "vpc_id": {
      "value": "vpc-0dcc7546b1e7aa420",
      "type": "string"
    }
  },
  "resources": [
    {
      "module": "module.compute",
      "mode": "data",
      "type": "aws_ami",
      "name": "amazon_linux",
      "provider": "provider[\"registry.terraform.io/hashicorp/aws\"]",
      "instances": [
        {
          "schema_version": 0,
          "attributes": {
            "architecture": "x86_64",
            "arn": "arn:aws:ec2:ap-south-1::image/ami-0133fbf29e0f5c476",
            "block_device_mappings": [
              {
                "device_name": "/dev/xvda",
                "ebs": {
                  "delete_on_termination": "true",
                  "encrypted": "false",
                  "iops": "3000",
                  "snapshot_id": "snap-0bb6517cc43c8edf8",
                  "throughput": "125",
                  "volume_initialization_rate": "0",
                  "volume_size": "2",
                  "volume_type": "gp3"
                },
                "no_device": "",
                "virtual_name": ""
              }
            ],
            "boot_mode": "uefi-preferred",
            "creation_date": "2026-05-04T22:38:29.000Z",
            "deprecation_time": "2026-08-02T22:43:00.000Z",
            "description": "Amazon Linux 2023 AMI 2023.11.20260505.0 x86_64 Minimal HVM kernel-6.18",
            "ena_support": true,
            "executable_users": null,
            "filter": [
              {
                "name": "name",
                "values": [
                  "al2023-ami-*-x86_64"
                ]
              },
              {
                "name": "state",
                "values": [
                  "available"
                ]
              }
            ],
            "hypervisor": "xen",
            "id": "ami-0133fbf29e0f5c476",
            "image_id": "ami-0133fbf29e0f5c476",
            "image_location": "amazon/al2023-ami-minimal-2023.11.20260505.0-kernel-6.18-x86_64",
            "image_owner_alias": "amazon",
            "image_type": "machine",
            "imds_support": "v2.0",
            "include_deprecated": false,
            "kernel_id": "",
            "last_launched_time": "",
            "most_recent": true,
            "name": "al2023-ami-minimal-2023.11.20260505.0-kernel-6.18-x86_64",
            "name_regex": null,
            "owner_id": "137112412989",
            "owners": [
              "amazon"
            ],
            "platform": "",
            "platform_details": "Linux/UNIX",
            "product_codes": [],
            "public": true,
            "ramdisk_id": "",
            "root_device_name": "/dev/xvda",
            "root_device_type": "ebs",
            "root_snapshot_id": "snap-0bb6517cc43c8edf8",
            "sriov_net_support": "simple",
            "state": "available",
            "state_reason": {
              "code": "UNSET",
              "message": "UNSET"
            },
            "tags": {},
            "timeouts": null,
            "tpm_support": "",
            "uefi_data": null,
            "usage_operation": "RunInstances",
            "virtualization_type": "hvm"
          },
          "sensitive_attributes": [],
          "identity_schema_version": 0
        }
      ]
    },
    {
      "module": "module.compute",
      "mode": "managed",
      "type": "aws_instance",
      "name": "app",
      "provider": "provider[\"registry.terraform.io/hashicorp/aws\"]",
      "instances": [
        {
          "schema_version": 1,
          "attributes": {
            "ami": "ami-0133fbf29e0f5c476",
            "arn": "arn:aws:ec2:ap-south-1:127521539785:instance/i-0b830716bc594ecf2",
            "associate_public_ip_address": true,
            "availability_zone": "ap-south-1a",
            "capacity_reservation_specification": [
              {
                "capacity_reservation_preference": "open",
                "capacity_reservation_target": []
              }
            ],
            "cpu_core_count": 1,
            "cpu_options": [
              {
                "amd_sev_snp": "",
                "core_count": 1,
                "threads_per_core": 2
              }
            ],
            "cpu_threads_per_core": 2,
            "credit_specification": [
              {
                "cpu_credits": "unlimited"
              }
            ],
            "disable_api_stop": false,
            "disable_api_termination": false,
            "ebs_block_device": [],
            "ebs_optimized": false,
            "enable_primary_ipv6": null,
            "enclave_options": [
              {
                "enabled": false
              }
            ],
            "ephemeral_block_device": [],
            "get_password_data": false,
            "hibernation": false,
            "host_id": "",
            "host_resource_group_arn": null,
            "iam_instance_profile": "blockchain-ai-ec2-profile",
            "id": "i-0b830716bc594ecf2",
            "instance_initiated_shutdown_behavior": "stop",
            "instance_lifecycle": "",
            "instance_market_options": [],
            "instance_state": "running",
            "instance_type": "t3.micro",
            "ipv6_address_count": 0,
            "ipv6_addresses": [],
            "key_name": "blockchain-ai-key",
            "launch_template": [],
            "maintenance_options": [
              {
                "auto_recovery": "default"
              }
            ],
            "metadata_options": [
              {
                "http_endpoint": "enabled",
                "http_protocol_ipv6": "disabled",
                "http_put_response_hop_limit": 2,
                "http_tokens": "required",
                "instance_metadata_tags": "disabled"
              }
            ],
            "monitoring": false,
            "network_interface": [],
            "outpost_arn": "",
            "password_data": "",
            "placement_group": "",
            "placement_partition_number": 0,
            "primary_network_interface_id": "eni-0a3d53cc3c22a7364",
            "private_dns": "ip-10-0-1-142.ap-south-1.compute.internal",
            "private_dns_name_options": [
              {
                "enable_resource_name_dns_a_record": false,
                "enable_resource_name_dns_aaaa_record": false,
                "hostname_type": "ip-name"
              }
            ],
            "private_ip": "10.0.1.142",
            "public_dns": "ec2-13-234-239-245.ap-south-1.compute.amazonaws.com",
            "public_ip": "13.234.239.245",
            "root_block_device": [
              {
                "delete_on_termination": true,
                "device_name": "/dev/xvda",
                "encrypted": true,
                "iops": 3000,
                "kms_key_id": "arn:aws:kms:ap-south-1:127521539785:key/2bd99f75-13f3-4927-9ceb-731de6efd736",
                "tags": null,
                "tags_all": {
                  "Environment": "dev",
                  "ManagedBy": "Terraform",
                  "Project": "blockchain-ai"
                },
                "throughput": 125,
                "volume_id": "vol-0aa04d0774a7a1b46",
                "volume_size": 20,
                "volume_type": "gp3"
              }
            ],
            "secondary_private_ips": [],
            "security_groups": [],
            "source_dest_check": true,
            "spot_instance_request_id": "",
            "subnet_id": "subnet-01f55bf13e86a6207",
            "tags": {
              "Environment": "dev",
              "Name": "blockchain-ai-app-server",
              "Project": "blockchain-ai",
              "Role": "WebServer"
            },
            "tags_all": {
              "Environment": "dev",
              "ManagedBy": "Terraform",
              "Name": "blockchain-ai-app-server",
              "Project": "blockchain-ai",
              "Role": "WebServer"
            },
            "tenancy": "default",
            "timeouts": null,
            "user_data": "0b9296eea219ba400202c1497d5bfbf4516cd2d6",
            "user_data_base64": null,
            "user_data_replace_on_change": false,
            "volume_tags": null,
            "vpc_security_group_ids": [
              "sg-0b6e5a2bbe685c30c"
            ]
          },
          "sensitive_attributes": [
            [
              {
                "type": "get_attr",
                "value": "user_data"
              }
            ]
          ],
          "identity_schema_version": 0,
          "private": "eyJlMmJmYjczMC1lY2FhLTExZTYtOGY4OC0zNDM2M2JjN2M0YzAiOnsiY3JlYXRlIjo2MDAwMDAwMDAwMDAsImRlbGV0ZSI6MTIwMDAwMDAwMDAwMCwicmVhZCI6OTAwMDAwMDAwMDAwLCJ1cGRhdGUiOjYwMDAwMDAwMDAwMH0sInNjaGVtYV92ZXJzaW9uIjoiMSJ9",
          "dependencies": [
            "module.compute.aws_key_pair.ec2_key",
            "module.compute.data.aws_ami.amazon_linux",
            "module.compute.tls_private_key.ec2_key",
            "module.database.aws_db_instance.main",
            "module.database.aws_db_parameter_group.main",
            "module.database.aws_db_subnet_group.main",
            "module.security.aws_iam_instance_profile.ec2_profile",
            "module.security.aws_iam_role.ec2_role",
            "module.security.aws_security_group.alb",
            "module.security.aws_security_group.ec2",
            "module.security.aws_security_group.rds",
            "module.storage.aws_s3_bucket.app",
            "module.storage.random_string.bucket_suffix",
            "module.vpc.aws_subnet.private",
            "module.vpc.aws_subnet.public",
            "module.vpc.aws_vpc.main",
            "module.vpc.data.aws_availability_zones.available"
          ]
        }
      ]
    },
    {
      "module": "module.compute",
      "mode": "managed",
      "type": "aws_key_pair",
      "name": "ec2_key",
      "provider": "provider[\"registry.terraform.io/hashicorp/aws\"]",
      "instances": [
        {
          "schema_version": 1,
          "attributes": {
            "arn": "arn:aws:ec2:ap-south-1:127521539785:key-pair/blockchain-ai-key",
            "fingerprint": "0b:7e:f3:11:cc:55:a3:3e:a3:d7:ea:59:c3:15:14:df",
            "id": "blockchain-ai-key",
            "key_name": "blockchain-ai-key",
            "key_name_prefix": "",
            "key_pair_id": "key-0662c0bd8616f94ee",
            "key_type": "rsa",
            "public_key": "ssh-rsa AAAAB3NzaC1yc2EAAAADAQABAAACAQC+GeS7ehKT/OpnoFvp1sSeNYlYbn9Lw0EHsjD/etOg9eQkF2IpipH1uQ6HldLS8PnTP4/dSddLHtFEv8AzHOl4UhQKy4RayY7humcAzvqPPJ/eTfy6f/pHc9RzSsenXJGHRbgIQgUMqM3vSEgLKkq0kRrL2HJRUT1pNyX5+WaqtvTcLuSnDo6XvWp4BH6tJghPGI89giib/zTBtqk/2ZIXCx7L2Fjwubl8ssqF7hrvM/D5+yVQtySPrt2Wd5SgSSnMd/NvOA1qBKVXzP3OuKq10ZrjHJii5GN6JZTVOohzqY4+QwKp4qj0n9wqWFdgCmPKrEAIqCUXaY43uG6eAMcPemNHwgNfCruQCiZE8f+5O6Pu9LZ1x9k702pcxRVoNlvVDle8qUUCZ4CFcA2sX/xoAXwjwWyGyTS0h2Wu6IBMFzz60L9fLBuJcLJyzTECJcGkFaEgexmMQ0kSG+YkespNaccTl9SRwNwbpwC411gr0uKZqvb460hgweoi91M8D7/cBkDbE3H9ew+GuGvmQqsgQtO/Hc7zQiZlAFsXMIEuMAAufVpDhfp1crPIe2k4pAv5HPxsfBp4meP17zve+S7LkElWqkjee1FRPTefr3YNwmHQEId81VDdQlcXpljYTTBgxVTP7ffccbPsUbM6G0TP+tq895UhePYMRQsYFk1VRw==",
            "tags": {
              "Environment": "dev",
              "Name": "blockchain-ai-key",
              "Project": "blockchain-ai"
            },
            "tags_all": {
              "Environment": "dev",
              "ManagedBy": "Terraform",
              "Name": "blockchain-ai-key",
              "Project": "blockchain-ai"
            }
          },
          "sensitive_attributes": [],
          "identity_schema_version": 0,
          "private": "eyJzY2hlbWFfdmVyc2lvbiI6IjEifQ==",
          "dependencies": [
            "module.compute.tls_private_key.ec2_key"
          ]
        }
      ]
    },
    {
      "module": "module.compute",
      "mode": "managed",
      "type": "aws_lb",
      "name": "main",
      "provider": "provider[\"registry.terraform.io/hashicorp/aws\"]",
      "instances": [
        {
          "schema_version": 0,
          "attributes": {
            "access_logs": [
              {
                "bucket": "",
                "enabled": false,
                "prefix": ""
              }
            ],
            "arn": "arn:aws:elasticloadbalancing:ap-south-1:127521539785:loadbalancer/app/blockchain-ai-alb/703bac6cd542b20b",
            "arn_suffix": "app/blockchain-ai-alb/703bac6cd542b20b",
            "client_keep_alive": 3600,
            "connection_logs": [
              {
                "bucket": "",
                "enabled": false,
                "prefix": ""
              }
            ],
            "customer_owned_ipv4_pool": "",
            "desync_mitigation_mode": "defensive",
            "dns_name": "blockchain-ai-alb-638081347.ap-south-1.elb.amazonaws.com",
            "dns_record_client_routing_policy": null,
            "drop_invalid_header_fields": false,
            "enable_cross_zone_load_balancing": true,
            "enable_deletion_protection": false,
            "enable_http2": true,
            "enable_tls_version_and_cipher_suite_headers": false,
            "enable_waf_fail_open": false,
            "enable_xff_client_port": false,
            "enable_zonal_shift": false,
            "enforce_security_group_inbound_rules_on_private_link_traffic": "",
            "id": "arn:aws:elasticloadbalancing:ap-south-1:127521539785:loadbalancer/app/blockchain-ai-alb/703bac6cd542b20b",
            "idle_timeout": 60,
            "internal": false,
            "ip_address_type": "ipv4",
            "ipam_pools": [],
            "load_balancer_type": "application",
            "minimum_load_balancer_capacity": [],
            "name": "blockchain-ai-alb",
            "name_prefix": "",
            "preserve_host_header": false,
            "security_groups": [
              "sg-02bf8337df125a072"
            ],
            "subnet_mapping": [
              {
                "allocation_id": "",
                "ipv6_address": "",
                "outpost_id": "",
                "private_ipv4_address": "",
                "subnet_id": "subnet-01f55bf13e86a6207"
              },
              {
                "allocation_id": "",
                "ipv6_address": "",
                "outpost_id": "",
                "private_ipv4_address": "",
                "subnet_id": "subnet-0bd536d01ad543251"
              }
            ],
            "subnets": [
              "subnet-01f55bf13e86a6207",
              "subnet-0bd536d01ad543251"
            ],
            "tags": {
              "Environment": "dev",
              "Name": "blockchain-ai-alb",
              "Project": "blockchain-ai"
            },
            "tags_all": {
              "Environment": "dev",
              "ManagedBy": "Terraform",
              "Name": "blockchain-ai-alb",
              "Project": "blockchain-ai"
            },
            "timeouts": null,
            "vpc_id": "vpc-0dcc7546b1e7aa420",
            "xff_header_processing_mode": "append",
            "zone_id": "ZP97RAFLXTNZK"
          },
          "sensitive_attributes": [],
          "identity_schema_version": 0,
          "private": "eyJlMmJmYjczMC1lY2FhLTExZTYtOGY4OC0zNDM2M2JjN2M0YzAiOnsiY3JlYXRlIjo2MDAwMDAwMDAwMDAsImRlbGV0ZSI6NjAwMDAwMDAwMDAwLCJ1cGRhdGUiOjYwMDAwMDAwMDAwMH19",
          "dependencies": [
            "module.security.aws_security_group.alb",
            "module.vpc.aws_subnet.public",
            "module.vpc.aws_vpc.main",
            "module.vpc.data.aws_availability_zones.available"
          ]
        }
      ]
    },
    {
      "module": "module.compute",
      "mode": "managed",
      "type": "aws_lb_listener",
      "name": "http",
      "provider": "provider[\"registry.terraform.io/hashicorp/aws\"]",
      "instances": [
        {
          "schema_version": 0,
          "attributes": {
            "alpn_policy": null,
            "arn": "arn:aws:elasticloadbalancing:ap-south-1:127521539785:listener/app/blockchain-ai-alb/703bac6cd542b20b/63b16c71943d22bf",
            "certificate_arn": null,
            "default_action": [
              {
                "authenticate_cognito": [],
                "authenticate_oidc": [],
                "fixed_response": [],
                "forward": [],
                "order": 1,
                "redirect": [],
                "target_group_arn": "arn:aws:elasticloadbalancing:ap-south-1:127521539785:targetgroup/blockchain-ai-tg/81c7d3838d9a4e16",
                "type": "forward"
              }
            ],
            "id": "arn:aws:elasticloadbalancing:ap-south-1:127521539785:listener/app/blockchain-ai-alb/703bac6cd542b20b/63b16c71943d22bf",
            "load_balancer_arn": "arn:aws:elasticloadbalancing:ap-south-1:127521539785:loadbalancer/app/blockchain-ai-alb/703bac6cd542b20b",
            "mutual_authentication": [],
            "port": 80,
            "protocol": "HTTP",
            "routing_http_request_x_amzn_mtls_clientcert_header_name": null,
            "routing_http_request_x_amzn_mtls_clientcert_issuer_header_name": null,
            "routing_http_request_x_amzn_mtls_clientcert_leaf_header_name": null,
            "routing_http_request_x_amzn_mtls_clientcert_serial_number_header_name": null,
            "routing_http_request_x_amzn_mtls_clientcert_subject_header_name": null,
            "routing_http_request_x_amzn_mtls_clientcert_validity_header_name": null,
            "routing_http_request_x_amzn_tls_cipher_suite_header_name": null,
            "routing_http_request_x_amzn_tls_version_header_name": null,
            "routing_http_response_access_control_allow_credentials_header_value": "",
            "routing_http_response_access_control_allow_headers_header_value": "",
            "routing_http_response_access_control_allow_methods_header_value": "",
            "routing_http_response_access_control_allow_origin_header_value": "",
            "routing_http_response_access_control_expose_headers_header_value": "",
            "routing_http_response_access_control_max_age_header_value": "",
            "routing_http_response_content_security_policy_header_value": "",
            "routing_http_response_server_enabled": true,
            "routing_http_response_strict_transport_security_header_value": "",
            "routing_http_response_x_content_type_options_header_value": "",
            "routing_http_response_x_frame_options_header_value": "",
            "ssl_policy": "",
            "tags": null,
            "tags_all": {
              "Environment": "dev",
              "ManagedBy": "Terraform",
              "Project": "blockchain-ai"
            },
            "tcp_idle_timeout_seconds": null,
            "timeouts": null
          },
          "sensitive_attributes": [],
          "identity_schema_version": 0,
          "private": "eyJlMmJmYjczMC1lY2FhLTExZTYtOGY4OC0zNDM2M2JjN2M0YzAiOnsiY3JlYXRlIjozMDAwMDAwMDAwMDAsInVwZGF0ZSI6MzAwMDAwMDAwMDAwfX0=",
          "dependencies": [
            "module.compute.aws_lb.main",
            "module.compute.aws_lb_target_group.app",
            "module.security.aws_security_group.alb",
            "module.vpc.aws_subnet.public",
            "module.vpc.aws_vpc.main",
            "module.vpc.data.aws_availability_zones.available"
          ]
        }
      ]
    },
    {
      "module": "module.compute",
      "mode": "managed",
      "type": "aws_lb_target_group",
      "name": "app",
      "provider": "provider[\"registry.terraform.io/hashicorp/aws\"]",
      "instances": [
        {
          "schema_version": 0,
          "attributes": {
            "arn": "arn:aws:elasticloadbalancing:ap-south-1:127521539785:targetgroup/blockchain-ai-tg/81c7d3838d9a4e16",
            "arn_suffix": "targetgroup/blockchain-ai-tg/81c7d3838d9a4e16",
            "connection_termination": null,
            "deregistration_delay": "300",
            "health_check": [
              {
                "enabled": true,
                "healthy_threshold": 2,
                "interval": 30,
                "matcher": "200,302",
                "path": "/",
                "port": "traffic-port",
                "protocol": "HTTP",
                "timeout": 5,
                "unhealthy_threshold": 3
              }
            ],
            "id": "arn:aws:elasticloadbalancing:ap-south-1:127521539785:targetgroup/blockchain-ai-tg/81c7d3838d9a4e16",
            "ip_address_type": "ipv4",
            "lambda_multi_value_headers_enabled": false,
            "load_balancer_arns": [],
            "load_balancing_algorithm_type": "round_robin",
            "load_balancing_anomaly_mitigation": "off",
            "load_balancing_cross_zone_enabled": "use_load_balancer_configuration",
            "name": "blockchain-ai-tg",
            "name_prefix": "",
            "port": 8000,
            "preserve_client_ip": null,
            "protocol": "HTTP",
            "protocol_version": "HTTP1",
            "proxy_protocol_v2": false,
            "slow_start": 0,
            "stickiness": [
              {
                "cookie_duration": 86400,
                "cookie_name": "",
                "enabled": false,
                "type": "lb_cookie"
              }
            ],
            "tags": {
              "Environment": "dev",
              "Name": "blockchain-ai-tg",
              "Project": "blockchain-ai"
            },
            "tags_all": {
              "Environment": "dev",
              "ManagedBy": "Terraform",
              "Name": "blockchain-ai-tg",
              "Project": "blockchain-ai"
            },
            "target_failover": [
              {
                "on_deregistration": null,
                "on_unhealthy": null
              }
            ],
            "target_group_health": [
              {
                "dns_failover": [
                  {
                    "minimum_healthy_targets_count": "1",
                    "minimum_healthy_targets_percentage": "off"
                  }
                ],
                "unhealthy_state_routing": [
                  {
                    "minimum_healthy_targets_count": 1,
                    "minimum_healthy_targets_percentage": "off"
                  }
                ]
              }
            ],
            "target_health_state": [
              {
                "enable_unhealthy_connection_termination": null,
                "unhealthy_draining_interval": null
              }
            ],
            "target_type": "instance",
            "vpc_id": "vpc-0dcc7546b1e7aa420"
          },
          "sensitive_attributes": [],
          "identity_schema_version": 0,
          "private": "bnVsbA==",
          "dependencies": [
            "module.vpc.aws_vpc.main"
          ]
        }
      ]
    },
    {
      "module": "module.compute",
      "mode": "managed",
      "type": "aws_lb_target_group_attachment",
      "name": "app",
      "provider": "provider[\"registry.terraform.io/hashicorp/aws\"]",
      "instances": [
        {
          "schema_version": 0,
          "attributes": {
            "availability_zone": null,
            "id": "arn:aws:elasticloadbalancing:ap-south-1:127521539785:targetgroup/blockchain-ai-tg/81c7d3838d9a4e16-20260507063126572300000005",
            "port": 8000,
            "target_group_arn": "arn:aws:elasticloadbalancing:ap-south-1:127521539785:targetgroup/blockchain-ai-tg/81c7d3838d9a4e16",
            "target_id": "i-0b830716bc594ecf2"
          },
          "sensitive_attributes": [],
          "identity_schema_version": 0,
          "private": "bnVsbA==",
          "dependencies": [
            "module.compute.aws_instance.app",
            "module.compute.aws_key_pair.ec2_key",
            "module.compute.aws_lb_target_group.app",
            "module.compute.data.aws_ami.amazon_linux",
            "module.compute.tls_private_key.ec2_key",
            "module.database.aws_db_instance.main",
            "module.database.aws_db_parameter_group.main",
            "module.database.aws_db_subnet_group.main",
            "module.security.aws_iam_instance_profile.ec2_profile",
            "module.security.aws_iam_role.ec2_role",
            "module.security.aws_security_group.alb",
            "module.security.aws_security_group.ec2",
            "module.security.aws_security_group.rds",
            "module.storage.aws_s3_bucket.app",
            "module.storage.random_string.bucket_suffix",
            "module.vpc.aws_subnet.private",
            "module.vpc.aws_subnet.public",
            "module.vpc.aws_vpc.main",
            "module.vpc.data.aws_availability_zones.available"
          ]
        }
      ]
    },
    {
      "module": "module.compute",
      "mode": "managed",
      "type": "local_file",
      "name": "private_key",
      "provider": "provider[\"registry.terraform.io/hashicorp/local\"]",
      "instances": [
        {
          "schema_version": 0,
          "attributes": {
            "content": "-----BEGIN RSA PRIVATE KEY-----\nMIIJJwIBAAKCAgEAvhnku3oSk/zqZ6Bb6dbEnjWJWG5/S8NBB7Iw/3rToPXkJBdi\nKYqR9bkOh5XS0vD50z+P3UnXSx7RRL/AMxzpeFIUCsuEWsmO4bpnAM76jzyf3k38\nun/6R3PUc0rHp1yRh0W4CEIFDKjN70hICypKtJEay9hyUVE9aTcl+flmqrb03C7k\npw6Ol71qeAR+rSYITxiPPYIom/80wbapP9mSFwsey9hY8Lm5fLLKhe4a7zPw+fsl\nULckj67dlneUoEkpzHfzbzgNagSlV8z9zriqtdGa4xyYouRjeiWU1TqIc6mOPkMC\nqeKo9J/cKlhXYApjyqxACKglF2mON7hungDHD3pjR8IDXwq7kAomRPH/uTuj7vS2\ndcfZO9NqXMUVaDZb1Q5XvKlFAmeAhXANrF/8aAF8I8Fshsk0tIdlruiATBc8+tC/\nXywbiXCycs0xAiXBpBWhIHsZjENJEhvmJHrKTWnHE5fUkcDcG6cAuNdYK9Limar2\n+OtIYMHqIvdTPA+/3AZA2xNx/XsPhrhr5kKrIELTvx3O80ImZQBbFzCBLjAALn1a\nQ4X6dXKzyHtpOKQL+Rz8bHwaeJnj9e873vkuy5BJVqpI3ntRUT03n692DcJh0BCH\nfNVQ3UJXF6ZY2E0wYMVUz+333HGz7FGzOhtEz/ravPeVIXj2DEULGBZNVUcCAwEA\nAQKCAgAWMwWOzm4TTGJ+hcTwqo0HtqkaeROHdZPcrLaObGRV9HEBtUitdjTzn3qE\nDdRyoAO542nO8Hu3li/fmeQoHopga8v9s2TPifW+rsWu2/zO3khYWFNuNK9gSbVN\nCLYGTsfge/KbkENxBi4U8SQXSFyJ999LtQkrLX6rkJjwN0DXKF9cGQ5y4xR2wX6z\nPj8hbtgN4zMoU9CfNZm5EgtzXS/Is2/ouRPbJK0gU+v/i4h8rNxJV5vfcEumNchC\n9SWXjtkBO3QOOwWh/vc5/hfDh2AetGKkfpHlL8uIF5G+UW60JwrpLWpxtqTT+u5l\nyYQxPyAGf7/zOC4rV5RtNa3r6JureJBxrBETjtmdXsuvub3hueidx7pO7J3HyGCB\nqMLhoxemMlATuYhE5iPDtt973GhsJYxmSOumXl5eXvX+jigikVA/iIHZicXMoyVq\n9cewXpEiR8OKwH4HY39ZiwSzMTxcp2IIsuBB70d2Rbr8WFI29qHqK0wuWzpkfPS9\nEjpCYr1Y3aj6Hzcc8BZKMrLf6R/q+VwjppWkqUr9057iPAQ92Ea8jB95x7gtgsz/\nSbPkQovN2WtHsaGSGhVFXm2gYwJjRYMcae60Jr6i88aQWHUp02SDOshgotE+wd44\noO0E9crqpwe5Kiwm05o584vIeNzdIfHiKTQSPTcGRBZVkpvaTQKCAQEA/DZnj/F9\naVXlhGOm0s4E6LUqHsSGVu0GoMhStCR4FMvGV65/WAPbCroRSriX3PwsS3RYpH6T\nRDxDgLen81+8AQpYOO+tcUL56XBetsCpefDHt2Nfbv8KnnAP4NJW0d0nNHUxrjfr\nsgH4UR64q2/wAbUqbQhuK5kqtZ046RWg/FVDnPBZURTP3jDL9Vc1w3d9UVtjiR/7\nFRC/+yzPSXUkLLvlYwykDB478fYuhu7mf/ti0HIz3q7+MC/+s6XNBnjLJrj5dyDQ\nJ7s/J7wZB5EBls8MwAgcS9ocO/f/Xs2hxAFrRjEGRNtKXn5sn4M9co1Ihls2Y0z2\n4MU/E6M1RyfTPQKCAQEAwPS15b6xLifIC5kiFGn9ssuLim2ieYYQvjG8D/9kU6w2\nf4xde1ARu/xaOQ+zv91/u6dzhL0jQgA0gO8DypsJ8SQg4ZyorAK42jIxD2A5VLYf\nWwfGrUpqqxhLjts+P/UynZ3sV0NdgNe7xGehuFzSBlhXT/X9m9FF3pa3NmL11PUC\nP2JjQeKRIEKp5HHpWHSTpxy0LWVo58r8PlQ5TJ0iTuOtFaRHaW0sYrO7CT/9k0SS\nfUXFzj4iWwzsMAHMD3xUYwobysVrbmowQ7c7BjI1Ksl7v75pQWCI9WQAQHEb5Lw1\nunfHvwta3M/E9OyF2aYeUmgBtN8RWMQLXhvQml7C0wKCAQA6iboRu8Aa8bfauXJf\n3Tdgd6P2DjEL/ema6cPgUdKZKQ65DSQ7XnG5lKQszplYziLNxIxKaaJupPoZ5waR\nQzgUmb0OQfrkneH5X35sNl1fkxYXp3XgAkwJqALXcJp8DTNrRoQoZoxK/ZAP6+x6\nxflTvCPDuMAxWFSEYKBz4PRDfNq7k0F3wzfX30WHhR1SZ+prNqXsjsKtCf01JBpc\nd1bVFytPiQCOW3oYV8ZGxS40qDkwHkGRvtX6gzk/owzqIqEsNKSaFMCbaCdpZov8\nqJhQ02+nJnrC1DXXaWEZNOsF3jpyyTAmTSt+sSMvBrv9WXNq08LU22k1lDJmsWvN\nPx4VAoIBAA8NyHcxJm+caO4Gt3LyRfnCCZP2M7vZasr75Fk3KqOghuvyjoSFXazV\n5lAXWoW4iTOhv9B2VR7cFzyL6TbQW7k1gV84sqwg1j0nt04kyrRCNTYL6EMy0Bmj\nHpn5nuSsg5Nqc7rnJY9cxWhwUVyp2TTnhYBWh7+1VwcjqQ2UMOu5ZcB+M5I7U+k5\najnJbVQaXD6obaIxDDsxSfau6X2BsOCIwMM0euHNw627qfbxyB3KNseRPvp1PIbv\n/ilMqpf2sjq72ik6t8P4guV1kSRNnHpHF+GAwIN6PZUvhRmB+ZQh3us6Vxofj6o0\nh4A4R8UQQcNaG+/5i0fqm5xu/RpeFEMCggEAMnJCLfjTp/z65QtEw8iJRfBdE8WB\nPkpb7yhScmuC8kHLV72NzvTy3LATlu9QBJkOV0BeU/i82xaz57BrbHVSFh1vyAB7\nSajI+GT6Eo6K1X4c2rzUt6Q1LJedHDcekktKqGV298FnTBXymNqBsG8WQ2ex2qsE\nPkaUpI4uPTqbw6aHX7kWA5RifYK3m0id1GiRYvM6n6+YHmsaaKmfc2bAnCtI2b9+\nlJZSXxMOls/aCD+llgvdzszZwbpCXUCt166a1+4aCP7NKzpLKze+OaGyTIotDYOr\nTCxhfcqs4qifpiZtGZ/VbwUZlbjryeamExYbTEg3LRbU/Fk+IxJVc0G63A==\n-----END RSA PRIVATE KEY-----\n",
            "content_base64": null,
            "content_base64sha256": "wiZ7nZsB9xd7/6YSPnGiL/RFkL8WTSZ+J6Q6PW9dyNw=",
            "content_base64sha512": "6y9LspoSuA9eiRGa5QAKSyEVa+/vWXJF11mWoWF4XiPJcQeudefTOITNFuwGiCZolEApJJ91jMzhAoZIfhu3nw==",
            "content_md5": "97294941f4b62e92907e2a2f3307a51c",
            "content_sha1": "63a12f013ab572e8837a342962537f579df65aaf",
            "content_sha256": "c2267b9d9b01f7177bffa6123e71a22ff44590bf164d267e27a43a3d6f5dc8dc",
            "content_sha512": "eb2f4bb29a12b80f5e89119ae5000a4b21156befef597245d75996a161785e23c97107ae75e7d33884cd16ec06882668944029249f758ccce10286487e1bb79f",
            "directory_permission": "0777",
            "file_permission": "0400",
            "filename": "modules/compute/../../blockchain-ai-key.pem",
            "id": "63a12f013ab572e8837a342962537f579df65aaf",
            "sensitive_content": null,
            "source": null
          },
          "sensitive_attributes": [
            [
              {
                "type": "get_attr",
                "value": "content"
              }
            ],
            [
              {
                "type": "get_attr",
                "value": "sensitive_content"
              }
            ]
          ],
          "identity_schema_version": 0,
          "dependencies": [
            "module.compute.tls_private_key.ec2_key"
          ]
        }
      ]
    },
    {
      "module": "module.compute",
      "mode": "managed",
      "type": "tls_private_key",
      "name": "ec2_key",
      "provider": "provider[\"registry.terraform.io/hashicorp/tls\"]",
      "instances": [
        {
          "schema_version": 1,
          "attributes": {
            "algorithm": "RSA",
            "ecdsa_curve": "P224",
            "id": "c58fb9c1a16aa1406ca522b6812d70ba3bef672b",
            "private_key_openssh": "-----BEGIN OPENSSH PRIVATE KEY-----\nb3BlbnNzaC1rZXktdjEAAAAABG5vbmUAAAAEbm9uZQAAAAAAAAABAAACFwAAAAdz\nc2gtcnNhAAAAAwEAAQAAAgEAvhnku3oSk/zqZ6Bb6dbEnjWJWG5/S8NBB7Iw/3rT\noPXkJBdiKYqR9bkOh5XS0vD50z+P3UnXSx7RRL/AMxzpeFIUCsuEWsmO4bpnAM76\njzyf3k38un/6R3PUc0rHp1yRh0W4CEIFDKjN70hICypKtJEay9hyUVE9aTcl+flm\nqrb03C7kpw6Ol71qeAR+rSYITxiPPYIom/80wbapP9mSFwsey9hY8Lm5fLLKhe4a\n7zPw+fslULckj67dlneUoEkpzHfzbzgNagSlV8z9zriqtdGa4xyYouRjeiWU1TqI\nc6mOPkMCqeKo9J/cKlhXYApjyqxACKglF2mON7hungDHD3pjR8IDXwq7kAomRPH/\nuTuj7vS2dcfZO9NqXMUVaDZb1Q5XvKlFAmeAhXANrF/8aAF8I8Fshsk0tIdlruiA\nTBc8+tC/XywbiXCycs0xAiXBpBWhIHsZjENJEhvmJHrKTWnHE5fUkcDcG6cAuNdY\nK9Limar2+OtIYMHqIvdTPA+/3AZA2xNx/XsPhrhr5kKrIELTvx3O80ImZQBbFzCB\nLjAALn1aQ4X6dXKzyHtpOKQL+Rz8bHwaeJnj9e873vkuy5BJVqpI3ntRUT03n692\nDcJh0BCHfNVQ3UJXF6ZY2E0wYMVUz+333HGz7FGzOhtEz/ravPeVIXj2DEULGBZN\nVUcAAAc4OcmHVznJh1cAAAAHc3NoLXJzYQAAAgEAvhnku3oSk/zqZ6Bb6dbEnjWJ\nWG5/S8NBB7Iw/3rToPXkJBdiKYqR9bkOh5XS0vD50z+P3UnXSx7RRL/AMxzpeFIU\nCsuEWsmO4bpnAM76jzyf3k38un/6R3PUc0rHp1yRh0W4CEIFDKjN70hICypKtJEa\ny9hyUVE9aTcl+flmqrb03C7kpw6Ol71qeAR+rSYITxiPPYIom/80wbapP9mSFwse\ny9hY8Lm5fLLKhe4a7zPw+fslULckj67dlneUoEkpzHfzbzgNagSlV8z9zriqtdGa\n4xyYouRjeiWU1TqIc6mOPkMCqeKo9J/cKlhXYApjyqxACKglF2mON7hungDHD3pj\nR8IDXwq7kAomRPH/uTuj7vS2dcfZO9NqXMUVaDZb1Q5XvKlFAmeAhXANrF/8aAF8\nI8Fshsk0tIdlruiATBc8+tC/XywbiXCycs0xAiXBpBWhIHsZjENJEhvmJHrKTWnH\nE5fUkcDcG6cAuNdYK9Limar2+OtIYMHqIvdTPA+/3AZA2xNx/XsPhrhr5kKrIELT\nvx3O80ImZQBbFzCBLjAALn1aQ4X6dXKzyHtpOKQL+Rz8bHwaeJnj9e873vkuy5BJ\nVqpI3ntRUT03n692DcJh0BCHfNVQ3UJXF6ZY2E0wYMVUz+333HGz7FGzOhtEz/ra\nvPeVIXj2DEULGBZNVUcAAAADAQABAAACABYzBY7ObhNMYn6FxPCqjQe2qRp5E4d1\nk9ysto5sZFX0cQG1SK12NPOfeoQN1HKgA7njac7we7eWL9+Z5CgeimBry/2zZM+J\n9b6uxa7b/M7eSFhYU240r2BJtU0ItgZOx+B78puQQ3EGLhTxJBdIXIn330u1CSst\nfquQmPA3QNcoX1wZDnLjFHbBfrM+PyFu2A3jMyhT0J81mbkSC3NdL8izb+i5E9sk\nrSBT6/+LiHys3ElXm99wS6Y1yEL1JZeO2QE7dA47BaH+9zn+F8OHYB60YqR+keUv\ny4gXkb5RbrQnCuktanG2pNP67mXJhDE/IAZ/v/M4LitXlG01revom6t4kHGsEROO\n2Z1ey6+5veG56J3Huk7sncfIYIGowuGjF6YyUBO5iETmI8O233vcaGwljGZI66Ze\nXl5e9f6OKCKRUD+IgdmJxcyjJWr1x7BekSJHw4rAfgdjf1mLBLMxPFynYgiy4EHv\nR3ZFuvxYUjb2oeorTC5bOmR89L0SOkJivVjdqPofNxzwFkoyst/pH+r5XCOmlaSp\nSv3TnuI8BD3YRryMH3nHuC2CzP9Js+RCi83Za0exoZIaFUVebaBjAmNFgxxp7rQm\nvqLzxpBYdSnTZIM6yGCi0T7B3jig7QT1yuqnB7kqLCbTmjnzi8h43N0h8eIpNBI9\nNwZEFlWSm9pNAAABADJyQi3406f8+uULRMPIiUXwXRPFgT5KW+8oUnJrgvJBy1e9\njc708tywE5bvUASZDldAXlP4vNsWs+ewa2x1UhYdb8gAe0moyPhk+hKOitV+HNq8\n1LekNSyXnRw3HpJLSqhldvfBZ0wV8pjagbBvFkNnsdqrBD5GlKSOLj06m8Omh1+5\nFgOUYn2Ct5tIndRokWLzOp+vmB5rGmipn3NmwJwrSNm/fpSWUl8TDpbP2gg/pZYL\n3c7M2cG6Ql1ArdeumtfuGgj+zSs6Sys3vjmhskyKLQ2Dq0wsYX3KrOKon6YmbRmf\n1W8FGZW468nmphMWG0xINy0W1PxZPiMSVXNButwAAAEBAPw2Z4/xfWlV5YRjptLO\nBOi1Kh7EhlbtBqDIUrQkeBTLxleuf1gD2wq6EUq4l9z8LEt0WKR+k0Q8Q4C3p/Nf\nvAEKWDjvrXFC+elwXrbAqXnwx7djX27/Cp5wD+DSVtHdJzR1Ma4367IB+FEeuKtv\n8AG1Km0IbiuZKrWdOOkVoPxVQ5zwWVEUz94wy/VXNcN3fVFbY4kf+xUQv/ssz0l1\nJCy75WMMpAweO/H2Lobu5n/7YtByM96u/jAv/rOlzQZ4yya4+Xcg0Ce7Pye8GQeR\nAZbPDMAIHEvaHDv3/17NocQBa0YxBkTbSl5+bJ+DPXKNSIZbNmNM9uDFPxOjNUcn\n0z0AAAEBAMD0teW+sS4nyAuZIhRp/bLLi4ptonmGEL4xvA//ZFOsNn+MXXtQEbv8\nWjkPs7/df7unc4S9I0IANIDvA8qbCfEkIOGcqKwCuNoyMQ9gOVS2H1sHxq1KaqsY\nS47bPj/1Mp2d7FdDXYDXu8Rnobhc0gZYV0/1/ZvRRd6WtzZi9dT1Aj9iY0HikSBC\nqeRx6Vh0k6cctC1laOfK/D5UOUydIk7jrRWkR2ltLGKzuwk//ZNEkn1Fxc4+IlsM\n7DABzA98VGMKG8rFa25qMEO3OwYyNSrJe7++aUFgiPVkAEBxG+S8Nbp3x78LWtzP\nxPTshdmmHlJoAbTfEVjEC14b0JpewtMAAAAAAQID\n-----END OPENSSH PRIVATE KEY-----\n",
            "private_key_pem": "-----BEGIN RSA PRIVATE KEY-----\nMIIJJwIBAAKCAgEAvhnku3oSk/zqZ6Bb6dbEnjWJWG5/S8NBB7Iw/3rToPXkJBdi\nKYqR9bkOh5XS0vD50z+P3UnXSx7RRL/AMxzpeFIUCsuEWsmO4bpnAM76jzyf3k38\nun/6R3PUc0rHp1yRh0W4CEIFDKjN70hICypKtJEay9hyUVE9aTcl+flmqrb03C7k\npw6Ol71qeAR+rSYITxiPPYIom/80wbapP9mSFwsey9hY8Lm5fLLKhe4a7zPw+fsl\nULckj67dlneUoEkpzHfzbzgNagSlV8z9zriqtdGa4xyYouRjeiWU1TqIc6mOPkMC\nqeKo9J/cKlhXYApjyqxACKglF2mON7hungDHD3pjR8IDXwq7kAomRPH/uTuj7vS2\ndcfZO9NqXMUVaDZb1Q5XvKlFAmeAhXANrF/8aAF8I8Fshsk0tIdlruiATBc8+tC/\nXywbiXCycs0xAiXBpBWhIHsZjENJEhvmJHrKTWnHE5fUkcDcG6cAuNdYK9Limar2\n+OtIYMHqIvdTPA+/3AZA2xNx/XsPhrhr5kKrIELTvx3O80ImZQBbFzCBLjAALn1a\nQ4X6dXKzyHtpOKQL+Rz8bHwaeJnj9e873vkuy5BJVqpI3ntRUT03n692DcJh0BCH\nfNVQ3UJXF6ZY2E0wYMVUz+333HGz7FGzOhtEz/ravPeVIXj2DEULGBZNVUcCAwEA\nAQKCAgAWMwWOzm4TTGJ+hcTwqo0HtqkaeROHdZPcrLaObGRV9HEBtUitdjTzn3qE\nDdRyoAO542nO8Hu3li/fmeQoHopga8v9s2TPifW+rsWu2/zO3khYWFNuNK9gSbVN\nCLYGTsfge/KbkENxBi4U8SQXSFyJ999LtQkrLX6rkJjwN0DXKF9cGQ5y4xR2wX6z\nPj8hbtgN4zMoU9CfNZm5EgtzXS/Is2/ouRPbJK0gU+v/i4h8rNxJV5vfcEumNchC\n9SWXjtkBO3QOOwWh/vc5/hfDh2AetGKkfpHlL8uIF5G+UW60JwrpLWpxtqTT+u5l\nyYQxPyAGf7/zOC4rV5RtNa3r6JureJBxrBETjtmdXsuvub3hueidx7pO7J3HyGCB\nqMLhoxemMlATuYhE5iPDtt973GhsJYxmSOumXl5eXvX+jigikVA/iIHZicXMoyVq\n9cewXpEiR8OKwH4HY39ZiwSzMTxcp2IIsuBB70d2Rbr8WFI29qHqK0wuWzpkfPS9\nEjpCYr1Y3aj6Hzcc8BZKMrLf6R/q+VwjppWkqUr9057iPAQ92Ea8jB95x7gtgsz/\nSbPkQovN2WtHsaGSGhVFXm2gYwJjRYMcae60Jr6i88aQWHUp02SDOshgotE+wd44\noO0E9crqpwe5Kiwm05o584vIeNzdIfHiKTQSPTcGRBZVkpvaTQKCAQEA/DZnj/F9\naVXlhGOm0s4E6LUqHsSGVu0GoMhStCR4FMvGV65/WAPbCroRSriX3PwsS3RYpH6T\nRDxDgLen81+8AQpYOO+tcUL56XBetsCpefDHt2Nfbv8KnnAP4NJW0d0nNHUxrjfr\nsgH4UR64q2/wAbUqbQhuK5kqtZ046RWg/FVDnPBZURTP3jDL9Vc1w3d9UVtjiR/7\nFRC/+yzPSXUkLLvlYwykDB478fYuhu7mf/ti0HIz3q7+MC/+s6XNBnjLJrj5dyDQ\nJ7s/J7wZB5EBls8MwAgcS9ocO/f/Xs2hxAFrRjEGRNtKXn5sn4M9co1Ihls2Y0z2\n4MU/E6M1RyfTPQKCAQEAwPS15b6xLifIC5kiFGn9ssuLim2ieYYQvjG8D/9kU6w2\nf4xde1ARu/xaOQ+zv91/u6dzhL0jQgA0gO8DypsJ8SQg4ZyorAK42jIxD2A5VLYf\nWwfGrUpqqxhLjts+P/UynZ3sV0NdgNe7xGehuFzSBlhXT/X9m9FF3pa3NmL11PUC\nP2JjQeKRIEKp5HHpWHSTpxy0LWVo58r8PlQ5TJ0iTuOtFaRHaW0sYrO7CT/9k0SS\nfUXFzj4iWwzsMAHMD3xUYwobysVrbmowQ7c7BjI1Ksl7v75pQWCI9WQAQHEb5Lw1\nunfHvwta3M/E9OyF2aYeUmgBtN8RWMQLXhvQml7C0wKCAQA6iboRu8Aa8bfauXJf\n3Tdgd6P2DjEL/ema6cPgUdKZKQ65DSQ7XnG5lKQszplYziLNxIxKaaJupPoZ5waR\nQzgUmb0OQfrkneH5X35sNl1fkxYXp3XgAkwJqALXcJp8DTNrRoQoZoxK/ZAP6+x6\nxflTvCPDuMAxWFSEYKBz4PRDfNq7k0F3wzfX30WHhR1SZ+prNqXsjsKtCf01JBpc\nd1bVFytPiQCOW3oYV8ZGxS40qDkwHkGRvtX6gzk/owzqIqEsNKSaFMCbaCdpZov8\nqJhQ02+nJnrC1DXXaWEZNOsF3jpyyTAmTSt+sSMvBrv9WXNq08LU22k1lDJmsWvN\nPx4VAoIBAA8NyHcxJm+caO4Gt3LyRfnCCZP2M7vZasr75Fk3KqOghuvyjoSFXazV\n5lAXWoW4iTOhv9B2VR7cFzyL6TbQW7k1gV84sqwg1j0nt04kyrRCNTYL6EMy0Bmj\nHpn5nuSsg5Nqc7rnJY9cxWhwUVyp2TTnhYBWh7+1VwcjqQ2UMOu5ZcB+M5I7U+k5\najnJbVQaXD6obaIxDDsxSfau6X2BsOCIwMM0euHNw627qfbxyB3KNseRPvp1PIbv\n/ilMqpf2sjq72ik6t8P4guV1kSRNnHpHF+GAwIN6PZUvhRmB+ZQh3us6Vxofj6o0\nh4A4R8UQQcNaG+/5i0fqm5xu/RpeFEMCggEAMnJCLfjTp/z65QtEw8iJRfBdE8WB\nPkpb7yhScmuC8kHLV72NzvTy3LATlu9QBJkOV0BeU/i82xaz57BrbHVSFh1vyAB7\nSajI+GT6Eo6K1X4c2rzUt6Q1LJedHDcekktKqGV298FnTBXymNqBsG8WQ2ex2qsE\nPkaUpI4uPTqbw6aHX7kWA5RifYK3m0id1GiRYvM6n6+YHmsaaKmfc2bAnCtI2b9+\nlJZSXxMOls/aCD+llgvdzszZwbpCXUCt166a1+4aCP7NKzpLKze+OaGyTIotDYOr\nTCxhfcqs4qifpiZtGZ/VbwUZlbjryeamExYbTEg3LRbU/Fk+IxJVc0G63A==\n-----END RSA PRIVATE KEY-----\n",
            "private_key_pem_pkcs8": "-----BEGIN PRIVATE KEY-----\nMIIJQQIBADANBgkqhkiG9w0BAQEFAASCCSswggknAgEAAoICAQC+GeS7ehKT/Opn\noFvp1sSeNYlYbn9Lw0EHsjD/etOg9eQkF2IpipH1uQ6HldLS8PnTP4/dSddLHtFE\nv8AzHOl4UhQKy4RayY7humcAzvqPPJ/eTfy6f/pHc9RzSsenXJGHRbgIQgUMqM3v\nSEgLKkq0kRrL2HJRUT1pNyX5+WaqtvTcLuSnDo6XvWp4BH6tJghPGI89giib/zTB\ntqk/2ZIXCx7L2Fjwubl8ssqF7hrvM/D5+yVQtySPrt2Wd5SgSSnMd/NvOA1qBKVX\nzP3OuKq10ZrjHJii5GN6JZTVOohzqY4+QwKp4qj0n9wqWFdgCmPKrEAIqCUXaY43\nuG6eAMcPemNHwgNfCruQCiZE8f+5O6Pu9LZ1x9k702pcxRVoNlvVDle8qUUCZ4CF\ncA2sX/xoAXwjwWyGyTS0h2Wu6IBMFzz60L9fLBuJcLJyzTECJcGkFaEgexmMQ0kS\nG+YkespNaccTl9SRwNwbpwC411gr0uKZqvb460hgweoi91M8D7/cBkDbE3H9ew+G\nuGvmQqsgQtO/Hc7zQiZlAFsXMIEuMAAufVpDhfp1crPIe2k4pAv5HPxsfBp4meP1\n7zve+S7LkElWqkjee1FRPTefr3YNwmHQEId81VDdQlcXpljYTTBgxVTP7ffccbPs\nUbM6G0TP+tq895UhePYMRQsYFk1VRwIDAQABAoICABYzBY7ObhNMYn6FxPCqjQe2\nqRp5E4d1k9ysto5sZFX0cQG1SK12NPOfeoQN1HKgA7njac7we7eWL9+Z5CgeimBr\ny/2zZM+J9b6uxa7b/M7eSFhYU240r2BJtU0ItgZOx+B78puQQ3EGLhTxJBdIXIn3\n30u1CSstfquQmPA3QNcoX1wZDnLjFHbBfrM+PyFu2A3jMyhT0J81mbkSC3NdL8iz\nb+i5E9skrSBT6/+LiHys3ElXm99wS6Y1yEL1JZeO2QE7dA47BaH+9zn+F8OHYB60\nYqR+keUvy4gXkb5RbrQnCuktanG2pNP67mXJhDE/IAZ/v/M4LitXlG01revom6t4\nkHGsEROO2Z1ey6+5veG56J3Huk7sncfIYIGowuGjF6YyUBO5iETmI8O233vcaGwl\njGZI66ZeXl5e9f6OKCKRUD+IgdmJxcyjJWr1x7BekSJHw4rAfgdjf1mLBLMxPFyn\nYgiy4EHvR3ZFuvxYUjb2oeorTC5bOmR89L0SOkJivVjdqPofNxzwFkoyst/pH+r5\nXCOmlaSpSv3TnuI8BD3YRryMH3nHuC2CzP9Js+RCi83Za0exoZIaFUVebaBjAmNF\ngxxp7rQmvqLzxpBYdSnTZIM6yGCi0T7B3jig7QT1yuqnB7kqLCbTmjnzi8h43N0h\n8eIpNBI9NwZEFlWSm9pNAoIBAQD8NmeP8X1pVeWEY6bSzgTotSoexIZW7QagyFK0\nJHgUy8ZXrn9YA9sKuhFKuJfc/CxLdFikfpNEPEOAt6fzX7wBClg4761xQvnpcF62\nwKl58Me3Y19u/wqecA/g0lbR3Sc0dTGuN+uyAfhRHrirb/ABtSptCG4rmSq1nTjp\nFaD8VUOc8FlRFM/eMMv1VzXDd31RW2OJH/sVEL/7LM9JdSQsu+VjDKQMHjvx9i6G\n7uZ/+2LQcjPerv4wL/6zpc0GeMsmuPl3INAnuz8nvBkHkQGWzwzACBxL2hw79/9e\nzaHEAWtGMQZE20pefmyfgz1yjUiGWzZjTPbgxT8TozVHJ9M9AoIBAQDA9LXlvrEu\nJ8gLmSIUaf2yy4uKbaJ5hhC+MbwP/2RTrDZ/jF17UBG7/Fo5D7O/3X+7p3OEvSNC\nADSA7wPKmwnxJCDhnKisArjaMjEPYDlUth9bB8atSmqrGEuO2z4/9TKdnexXQ12A\n17vEZ6G4XNIGWFdP9f2b0UXelrc2YvXU9QI/YmNB4pEgQqnkcelYdJOnHLQtZWjn\nyvw+VDlMnSJO460VpEdpbSxis7sJP/2TRJJ9RcXOPiJbDOwwAcwPfFRjChvKxWtu\najBDtzsGMjUqyXu/vmlBYIj1ZABAcRvkvDW6d8e/C1rcz8T07IXZph5SaAG03xFY\nxAteG9CaXsLTAoIBADqJuhG7wBrxt9q5cl/dN2B3o/YOMQv96Zrpw+BR0pkpDrkN\nJDtecbmUpCzOmVjOIs3EjEppom6k+hnnBpFDOBSZvQ5B+uSd4flffmw2XV+TFhen\ndeACTAmoAtdwmnwNM2tGhChmjEr9kA/r7HrF+VO8I8O4wDFYVIRgoHPg9EN82ruT\nQXfDN9ffRYeFHVJn6ms2peyOwq0J/TUkGlx3VtUXK0+JAI5behhXxkbFLjSoOTAe\nQZG+1fqDOT+jDOoioSw0pJoUwJtoJ2lmi/yomFDTb6cmesLUNddpYRk06wXeOnLJ\nMCZNK36xIy8Gu/1Zc2rTwtTbaTWUMmaxa80/HhUCggEADw3IdzEmb5xo7ga3cvJF\n+cIJk/Yzu9lqyvvkWTcqo6CG6/KOhIVdrNXmUBdahbiJM6G/0HZVHtwXPIvpNtBb\nuTWBXziyrCDWPSe3TiTKtEI1NgvoQzLQGaMemfme5KyDk2pzuuclj1zFaHBRXKnZ\nNOeFgFaHv7VXByOpDZQw67llwH4zkjtT6TlqOcltVBpcPqhtojEMOzFJ9q7pfYGw\n4IjAwzR64c3Drbup9vHIHco2x5E++nU8hu/+KUyql/ayOrvaKTq3w/iC5XWRJE2c\nekcX4YDAg3o9lS+FGYH5lCHe6zpXGh+PqjSHgDhHxRBBw1ob7/mLR+qbnG79Gl4U\nQwKCAQAyckIt+NOn/PrlC0TDyIlF8F0TxYE+SlvvKFJya4LyQctXvY3O9PLcsBOW\n71AEmQ5XQF5T+LzbFrPnsGtsdVIWHW/IAHtJqMj4ZPoSjorVfhzavNS3pDUsl50c\nNx6SS0qoZXb3wWdMFfKY2oGwbxZDZ7HaqwQ+RpSkji49OpvDpodfuRYDlGJ9greb\nSJ3UaJFi8zqfr5geaxpoqZ9zZsCcK0jZv36UllJfEw6Wz9oIP6WWC93OzNnBukJd\nQK3XrprX7hoI/s0rOksrN745obJMii0Ng6tMLGF9yqziqJ+mJm0Zn9VvBRmVuOvJ\n5qYTFhtMSDctFtT8WT4jElVzQbrc\n-----END PRIVATE KEY-----\n",
            "public_key_fingerprint_md5": "e6:9c:04:75:57:dc:53:7a:48:9d:d7:98:d4:da:90:24",
            "public_key_fingerprint_sha256": "SHA256:AqoFXIsa1ddK18qfHgTwMRVcz0nz/2hkvEtswmCikRU",
            "public_key_openssh": "ssh-rsa AAAAB3NzaC1yc2EAAAADAQABAAACAQC+GeS7ehKT/OpnoFvp1sSeNYlYbn9Lw0EHsjD/etOg9eQkF2IpipH1uQ6HldLS8PnTP4/dSddLHtFEv8AzHOl4UhQKy4RayY7humcAzvqPPJ/eTfy6f/pHc9RzSsenXJGHRbgIQgUMqM3vSEgLKkq0kRrL2HJRUT1pNyX5+WaqtvTcLuSnDo6XvWp4BH6tJghPGI89giib/zTBtqk/2ZIXCx7L2Fjwubl8ssqF7hrvM/D5+yVQtySPrt2Wd5SgSSnMd/NvOA1qBKVXzP3OuKq10ZrjHJii5GN6JZTVOohzqY4+QwKp4qj0n9wqWFdgCmPKrEAIqCUXaY43uG6eAMcPemNHwgNfCruQCiZE8f+5O6Pu9LZ1x9k702pcxRVoNlvVDle8qUUCZ4CFcA2sX/xoAXwjwWyGyTS0h2Wu6IBMFzz60L9fLBuJcLJyzTECJcGkFaEgexmMQ0kSG+YkespNaccTl9SRwNwbpwC411gr0uKZqvb460hgweoi91M8D7/cBkDbE3H9ew+GuGvmQqsgQtO/Hc7zQiZlAFsXMIEuMAAufVpDhfp1crPIe2k4pAv5HPxsfBp4meP17zve+S7LkElWqkjee1FRPTefr3YNwmHQEId81VDdQlcXpljYTTBgxVTP7ffccbPsUbM6G0TP+tq895UhePYMRQsYFk1VRw==\n",
            "public_key_pem": "-----BEGIN PUBLIC KEY-----\nMIICIjANBgkqhkiG9w0BAQEFAAOCAg8AMIICCgKCAgEAvhnku3oSk/zqZ6Bb6dbE\nnjWJWG5/S8NBB7Iw/3rToPXkJBdiKYqR9bkOh5XS0vD50z+P3UnXSx7RRL/AMxzp\neFIUCsuEWsmO4bpnAM76jzyf3k38un/6R3PUc0rHp1yRh0W4CEIFDKjN70hICypK\ntJEay9hyUVE9aTcl+flmqrb03C7kpw6Ol71qeAR+rSYITxiPPYIom/80wbapP9mS\nFwsey9hY8Lm5fLLKhe4a7zPw+fslULckj67dlneUoEkpzHfzbzgNagSlV8z9zriq\ntdGa4xyYouRjeiWU1TqIc6mOPkMCqeKo9J/cKlhXYApjyqxACKglF2mON7hungDH\nD3pjR8IDXwq7kAomRPH/uTuj7vS2dcfZO9NqXMUVaDZb1Q5XvKlFAmeAhXANrF/8\naAF8I8Fshsk0tIdlruiATBc8+tC/XywbiXCycs0xAiXBpBWhIHsZjENJEhvmJHrK\nTWnHE5fUkcDcG6cAuNdYK9Limar2+OtIYMHqIvdTPA+/3AZA2xNx/XsPhrhr5kKr\nIELTvx3O80ImZQBbFzCBLjAALn1aQ4X6dXKzyHtpOKQL+Rz8bHwaeJnj9e873vku\ny5BJVqpI3ntRUT03n692DcJh0BCHfNVQ3UJXF6ZY2E0wYMVUz+333HGz7FGzOhtE\nz/ravPeVIXj2DEULGBZNVUcCAwEAAQ==\n-----END PUBLIC KEY-----\n",
            "rsa_bits": 4096
          },
          "sensitive_attributes": [
            [
              {
                "type": "get_attr",
                "value": "private_key_openssh"
              }
            ],
            [
              {
                "type": "get_attr",
                "value": "private_key_pem"
              }
            ],
            [
              {
                "type": "get_attr",
                "value": "private_key_pem_pkcs8"
              }
            ]
          ],
          "identity_schema_version": 0
        }
      ]
    },
    {
      "module": "module.database",
      "mode": "managed",
      "type": "aws_db_instance",
      "name": "main",
      "provider": "provider[\"registry.terraform.io/hashicorp/aws\"]",
      "instances": [
        {
          "schema_version": 2,
          "attributes": {
            "address": "blockchain-ai-mysql-db.cpe802c2wbai.ap-south-1.rds.amazonaws.com",
            "allocated_storage": 20,
            "allow_major_version_upgrade": null,
            "apply_immediately": false,
            "arn": "arn:aws:rds:ap-south-1:127521539785:db:blockchain-ai-mysql-db",
            "auto_minor_version_upgrade": true,
            "availability_zone": "ap-south-1b",
            "backup_retention_period": 0,
            "backup_target": "region",
            "backup_window": "21:43-22:13",
            "blue_green_update": [],
            "ca_cert_identifier": "rds-ca-rsa2048-g1",
            "character_set_name": "",
            "copy_tags_to_snapshot": false,
            "custom_iam_instance_profile": "",
            "customer_owned_ip_enabled": false,
            "database_insights_mode": "standard",
            "db_name": "blockchaindb",
            "db_subnet_group_name": "blockchain-ai-db-subnet-group",
            "dedicated_log_volume": false,
            "delete_automated_backups": true,
            "deletion_protection": false,
            "domain": "",
            "domain_auth_secret_arn": "",
            "domain_dns_ips": null,
            "domain_fqdn": "",
            "domain_iam_role_name": "",
            "domain_ou": "",
            "enabled_cloudwatch_logs_exports": null,
            "endpoint": "blockchain-ai-mysql-db.cpe802c2wbai.ap-south-1.rds.amazonaws.com:3306",
            "engine": "mysql",
            "engine_lifecycle_support": "open-source-rds-extended-support",
            "engine_version": "8.0",
            "engine_version_actual": "8.0.45",
            "final_snapshot_identifier": null,
            "hosted_zone_id": "Z2VFMSZA74J7XZ",
            "iam_database_authentication_enabled": false,
            "id": "db-WIF3KSPCIIEDT3IB7Y6HWMI5OQ",
            "identifier": "blockchain-ai-mysql-db",
            "identifier_prefix": "",
            "instance_class": "db.t3.micro",
            "iops": 0,
            "kms_key_id": "arn:aws:kms:ap-south-1:127521539785:key/9596788e-09db-40fb-8039-ac49d652c7ee",
            "latest_restorable_time": "",
            "license_model": "general-public-license",
            "listener_endpoint": [],
            "maintenance_window": "mon:04:00-mon:05:00",
            "manage_master_user_password": null,
            "master_user_secret": [],
            "master_user_secret_kms_key_id": null,
            "max_allocated_storage": 100,
            "monitoring_interval": 0,
            "monitoring_role_arn": "",
            "multi_az": false,
            "nchar_character_set_name": "",
            "network_type": "IPV4",
            "option_group_name": "default:mysql-8-0",
            "parameter_group_name": "blockchain-ai-mysql-params",
            "password": "StrongPass123!",
            "password_wo": null,
            "password_wo_version": null,
            "performance_insights_enabled": false,
            "performance_insights_kms_key_id": "",
            "performance_insights_retention_period": 0,
            "port": 3306,
            "publicly_accessible": false,
            "replica_mode": "",
            "replicas": [],
            "replicate_source_db": "",
            "resource_id": "db-WIF3KSPCIIEDT3IB7Y6HWMI5OQ",
            "restore_to_point_in_time": [],
            "s3_import": [],
            "skip_final_snapshot": true,
            "snapshot_identifier": null,
            "status": "available",
            "storage_encrypted": true,
            "storage_throughput": 0,
            "storage_type": "gp2",
            "tags": {
              "Environment": "dev",
              "Name": "blockchain-ai-mysql-db",
              "Project": "blockchain-ai"
            },
            "tags_all": {
              "Environment": "dev",
              "ManagedBy": "Terraform",
              "Name": "blockchain-ai-mysql-db",
              "Project": "blockchain-ai"
            },
            "timeouts": null,
            "timezone": "",
            "upgrade_storage_config": null,
            "username": "adminuser",
            "vpc_security_group_ids": [
              "sg-02d5fe3310c40670b"
            ]
          },
          "sensitive_attributes": [
            [
              {
                "type": "get_attr",
                "value": "password"
              }
            ],
            [
              {
                "type": "get_attr",
                "value": "password_wo"
              }
            ],
            [
              {
                "type": "get_attr",
                "value": "username"
              }
            ]
          ],
          "identity_schema_version": 0,
          "private": "eyJlMmJmYjczMC1lY2FhLTExZTYtOGY4OC0zNDM2M2JjN2M0YzAiOnsiY3JlYXRlIjozMDAwMDAwMDAwMDAwLCJkZWxldGUiOjM2MDAwMDAwMDAwMDAsInVwZGF0ZSI6NDgwMDAwMDAwMDAwMH0sInNjaGVtYV92ZXJzaW9uIjoiMiJ9",
          "dependencies": [
            "module.database.aws_db_parameter_group.main",
            "module.database.aws_db_subnet_group.main",
            "module.security.aws_security_group.alb",
            "module.security.aws_security_group.ec2",
            "module.security.aws_security_group.rds",
            "module.vpc.aws_subnet.private",
            "module.vpc.aws_vpc.main",
            "module.vpc.data.aws_availability_zones.available"
          ]
        }
      ]
    },
    {
      "module": "module.database",
      "mode": "managed",
      "type": "aws_db_parameter_group",
      "name": "main",
      "provider": "provider[\"registry.terraform.io/hashicorp/aws\"]",
      "instances": [
        {
          "schema_version": 0,
          "attributes": {
            "arn": "arn:aws:rds:ap-south-1:127521539785:pg:blockchain-ai-mysql-params",
            "description": "Custom MySQL 8.0 parameter group for blockchain app",
            "family": "mysql8.0",
            "id": "blockchain-ai-mysql-params",
            "name": "blockchain-ai-mysql-params",
            "name_prefix": "",
            "parameter": [
              {
                "apply_method": "immediate",
                "name": "character_set_client",
                "value": "utf8mb4"
              },
              {
                "apply_method": "immediate",
                "name": "character_set_server",
                "value": "utf8mb4"
              },
              {
                "apply_method": "immediate",
                "name": "max_connections",
                "value": "100"
              }
            ],
            "skip_destroy": false,
            "tags": {
              "Environment": "dev",
              "Name": "blockchain-ai-mysql-params",
              "Project": "blockchain-ai"
            },
            "tags_all": {
              "Environment": "dev",
              "ManagedBy": "Terraform",
              "Name": "blockchain-ai-mysql-params",
              "Project": "blockchain-ai"
            }
          },
          "sensitive_attributes": [],
          "identity_schema_version": 0,
          "private": "bnVsbA=="
        }
      ]
    },
    {
      "module": "module.database",
      "mode": "managed",
      "type": "aws_db_subnet_group",
      "name": "main",
      "provider": "provider[\"registry.terraform.io/hashicorp/aws\"]",
      "instances": [
        {
          "schema_version": 0,
          "attributes": {
            "arn": "arn:aws:rds:ap-south-1:127521539785:subgrp:blockchain-ai-db-subnet-group",
            "description": "Subnet group for RDS MySQL - spans 2 private AZs",
            "id": "blockchain-ai-db-subnet-group",
            "name": "blockchain-ai-db-subnet-group",
            "name_prefix": "",
            "subnet_ids": [
              "subnet-0b5cd2e9243571f5b",
              "subnet-0bee3d32cdc383db2"
            ],
            "supported_network_types": [
              "IPV4"
            ],
            "tags": {
              "Environment": "dev",
              "Name": "blockchain-ai-db-subnet-group",
              "Project": "blockchain-ai"
            },
            "tags_all": {
              "Environment": "dev",
              "ManagedBy": "Terraform",
              "Name": "blockchain-ai-db-subnet-group",
              "Project": "blockchain-ai"
            },
            "vpc_id": "vpc-0dcc7546b1e7aa420"
          },
          "sensitive_attributes": [],
          "identity_schema_version": 0,
          "private": "bnVsbA==",
          "dependencies": [
            "module.vpc.aws_subnet.private",
            "module.vpc.aws_vpc.main",
            "module.vpc.data.aws_availability_zones.available"
          ]
        }
      ]
    },
    {
      "module": "module.security",
      "mode": "managed",
      "type": "aws_iam_instance_profile",
      "name": "ec2_profile",
      "provider": "provider[\"registry.terraform.io/hashicorp/aws\"]",
      "instances": [
        {
          "schema_version": 0,
          "attributes": {
            "arn": "arn:aws:iam::127521539785:instance-profile/blockchain-ai-ec2-profile",
            "create_date": "2026-05-07T06:24:26Z",
            "id": "blockchain-ai-ec2-profile",
            "name": "blockchain-ai-ec2-profile",
            "name_prefix": "",
            "path": "/",
            "role": "blockchain-ai-ec2-role",
            "tags": null,
            "tags_all": {
              "Environment": "dev",
              "ManagedBy": "Terraform",
              "Project": "blockchain-ai"
            },
            "unique_id": "AIPAR3MHAI3EXZU3GVKZ4"
          },
          "sensitive_attributes": [],
          "identity_schema_version": 0,
          "private": "bnVsbA==",
          "dependencies": [
            "module.security.aws_iam_role.ec2_role"
          ]
        }
      ]
    },
    {
      "module": "module.security",
      "mode": "managed",
      "type": "aws_iam_policy",
      "name": "ec2_policy",
      "provider": "provider[\"registry.terraform.io/hashicorp/aws\"]",
      "instances": [
        {
          "schema_version": 0,
          "attributes": {
            "arn": "arn:aws:iam::127521539785:policy/blockchain-ai-ec2-policy",
            "attachment_count": 0,
            "description": "Allows EC2 to access S3 and SSM for the blockchain app",
            "id": "arn:aws:iam::127521539785:policy/blockchain-ai-ec2-policy",
            "name": "blockchain-ai-ec2-policy",
            "name_prefix": "",
            "path": "/",
            "policy": "{\"Statement\":[{\"Action\":[\"s3:GetObject\",\"s3:PutObject\",\"s3:DeleteObject\",\"s3:ListBucket\"],\"Effect\":\"Allow\",\"Resource\":\"*\",\"Sid\":\"S3Access\"},{\"Action\":[\"ssm:GetParameter\",\"ssm:GetParameters\",\"ssm:GetParametersByPath\"],\"Effect\":\"Allow\",\"Resource\":\"*\",\"Sid\":\"SSMAccess\"},{\"Action\":[\"logs:CreateLogGroup\",\"logs:CreateLogStream\",\"logs:PutLogEvents\"],\"Effect\":\"Allow\",\"Resource\":\"*\",\"Sid\":\"CloudWatchLogs\"}],\"Version\":\"2012-10-17\"}",
            "policy_id": "ANPAR3MHAI3ER3TRRTQRI",
            "tags": null,
            "tags_all": {
              "Environment": "dev",
              "ManagedBy": "Terraform",
              "Project": "blockchain-ai"
            }
          },
          "sensitive_attributes": [],
          "identity_schema_version": 0,
          "private": "bnVsbA=="
        }
      ]
    },
    {
      "module": "module.security",
      "mode": "managed",
      "type": "aws_iam_role",
      "name": "ec2_role",
      "provider": "provider[\"registry.terraform.io/hashicorp/aws\"]",
      "instances": [
        {
          "schema_version": 0,
          "attributes": {
            "arn": "arn:aws:iam::127521539785:role/blockchain-ai-ec2-role",
            "assume_role_policy": "{\"Statement\":[{\"Action\":\"sts:AssumeRole\",\"Effect\":\"Allow\",\"Principal\":{\"Service\":\"ec2.amazonaws.com\"}}],\"Version\":\"2012-10-17\"}",
            "create_date": "2026-05-07T06:24:25Z",
            "description": "",
            "force_detach_policies": false,
            "id": "blockchain-ai-ec2-role",
            "inline_policy": [],
            "managed_policy_arns": [],
            "max_session_duration": 3600,
            "name": "blockchain-ai-ec2-role",
            "name_prefix": "",
            "path": "/",
            "permissions_boundary": "",
            "tags": {
              "Environment": "dev",
              "Name": "blockchain-ai-ec2-role",
              "Project": "blockchain-ai"
            },
            "tags_all": {
              "Environment": "dev",
              "ManagedBy": "Terraform",
              "Name": "blockchain-ai-ec2-role",
              "Project": "blockchain-ai"
            },
            "unique_id": "AROAR3MHAI3E4B6JC6ETT"
          },
          "sensitive_attributes": [],
          "identity_schema_version": 0,
          "private": "bnVsbA=="
        }
      ]
    },
    {
      "module": "module.security",
      "mode": "managed",
      "type": "aws_iam_role_policy_attachment",
      "name": "ec2_policy_attach",
      "provider": "provider[\"registry.terraform.io/hashicorp/aws\"]",
      "instances": [
        {
          "schema_version": 0,
          "attributes": {
            "id": "blockchain-ai-ec2-role-20260507062427817800000001",
            "policy_arn": "arn:aws:iam::127521539785:policy/blockchain-ai-ec2-policy",
            "role": "blockchain-ai-ec2-role"
          },
          "sensitive_attributes": [],
          "identity_schema_version": 0,
          "private": "bnVsbA==",
          "dependencies": [
            "module.security.aws_iam_policy.ec2_policy",
            "module.security.aws_iam_role.ec2_role"
          ]
        }
      ]
    },
    {
      "module": "module.security",
      "mode": "managed",
      "type": "aws_security_group",
      "name": "alb",
      "provider": "provider[\"registry.terraform.io/hashicorp/aws\"]",
      "instances": [
        {
          "schema_version": 1,
          "attributes": {
            "arn": "arn:aws:ec2:ap-south-1:127521539785:security-group/sg-02bf8337df125a072",
            "description": "Security group for Application Load Balancer",
            "egress": [
              {
                "cidr_blocks": [
                  "0.0.0.0/0"
                ],
                "description": "Allow all outbound",
                "from_port": 0,
                "ipv6_cidr_blocks": [],
                "prefix_list_ids": [],
                "protocol": "-1",
                "security_groups": [],
                "self": false,
                "to_port": 0
              }
            ],
            "id": "sg-02bf8337df125a072",
            "ingress": [
              {
                "cidr_blocks": [
                  "0.0.0.0/0"
                ],
                "description": "Allow HTTP from internet",
                "from_port": 80,
                "ipv6_cidr_blocks": [],
                "prefix_list_ids": [],
                "protocol": "tcp",
                "security_groups": [],
                "self": false,
                "to_port": 80
              },
              {
                "cidr_blocks": [
                  "0.0.0.0/0"
                ],
                "description": "Allow HTTPS from internet",
                "from_port": 443,
                "ipv6_cidr_blocks": [],
                "prefix_list_ids": [],
                "protocol": "tcp",
                "security_groups": [],
                "self": false,
                "to_port": 443
              }
            ],
            "name": "blockchain-ai-alb-sg",
            "name_prefix": "",
            "owner_id": "127521539785",
            "revoke_rules_on_delete": false,
            "tags": {
              "Environment": "dev",
              "Name": "blockchain-ai-alb-sg",
              "Project": "blockchain-ai"
            },
            "tags_all": {
              "Environment": "dev",
              "ManagedBy": "Terraform",
              "Name": "blockchain-ai-alb-sg",
              "Project": "blockchain-ai"
            },
            "timeouts": null,
            "vpc_id": "vpc-0dcc7546b1e7aa420"
          },
          "sensitive_attributes": [],
          "identity_schema_version": 0,
          "private": "eyJlMmJmYjczMC1lY2FhLTExZTYtOGY4OC0zNDM2M2JjN2M0YzAiOnsiY3JlYXRlIjo2MDAwMDAwMDAwMDAsImRlbGV0ZSI6OTAwMDAwMDAwMDAwfSwic2NoZW1hX3ZlcnNpb24iOiIxIn0=",
          "dependencies": [
            "module.vpc.aws_vpc.main"
          ]
        }
      ]
    },
    {
      "module": "module.security",
      "mode": "managed",
      "type": "aws_security_group",
      "name": "ec2",
      "provider": "provider[\"registry.terraform.io/hashicorp/aws\"]",
      "instances": [
        {
          "schema_version": 1,
          "attributes": {
            "arn": "arn:aws:ec2:ap-south-1:127521539785:security-group/sg-0b6e5a2bbe685c30c",
            "description": "Security group for EC2 Django app server",
            "egress": [
              {
                "cidr_blocks": [
                  "0.0.0.0/0"
                ],
                "description": "Allow all outbound (to reach RDS, internet for pip installs etc.)",
                "from_port": 0,
                "ipv6_cidr_blocks": [],
                "prefix_list_ids": [],
                "protocol": "-1",
                "security_groups": [],
                "self": false,
                "to_port": 0
              }
            ],
            "id": "sg-0b6e5a2bbe685c30c",
            "ingress": [
              {
                "cidr_blocks": [
                  "0.0.0.0/0"
                ],
                "description": "Allow SSH for admin access",
                "from_port": 22,
                "ipv6_cidr_blocks": [],
                "prefix_list_ids": [],
                "protocol": "tcp",
                "security_groups": [],
                "self": false,
                "to_port": 22
              },
              {
                "cidr_blocks": [],
                "description": "Allow app traffic only from ALB",
                "from_port": 8000,
                "ipv6_cidr_blocks": [],
                "prefix_list_ids": [],
                "protocol": "tcp",
                "security_groups": [
                  "sg-02bf8337df125a072"
                ],
                "self": false,
                "to_port": 8000
              }
            ],
            "name": "blockchain-ai-ec2-sg",
            "name_prefix": "",
            "owner_id": "127521539785",
            "revoke_rules_on_delete": false,
            "tags": {
              "Environment": "dev",
              "Name": "blockchain-ai-ec2-sg",
              "Project": "blockchain-ai"
            },
            "tags_all": {
              "Environment": "dev",
              "ManagedBy": "Terraform",
              "Name": "blockchain-ai-ec2-sg",
              "Project": "blockchain-ai"
            },
            "timeouts": null,
            "vpc_id": "vpc-0dcc7546b1e7aa420"
          },
          "sensitive_attributes": [],
          "identity_schema_version": 0,
          "private": "eyJlMmJmYjczMC1lY2FhLTExZTYtOGY4OC0zNDM2M2JjN2M0YzAiOnsiY3JlYXRlIjo2MDAwMDAwMDAwMDAsImRlbGV0ZSI6OTAwMDAwMDAwMDAwfSwic2NoZW1hX3ZlcnNpb24iOiIxIn0=",
          "dependencies": [
            "module.security.aws_security_group.alb",
            "module.vpc.aws_vpc.main"
          ]
        }
      ]
    },
    {
      "module": "module.security",
      "mode": "managed",
      "type": "aws_security_group",
      "name": "rds",
      "provider": "provider[\"registry.terraform.io/hashicorp/aws\"]",
      "instances": [
        {
          "schema_version": 1,
          "attributes": {
            "arn": "arn:aws:ec2:ap-south-1:127521539785:security-group/sg-02d5fe3310c40670b",
            "description": "Security group for RDS MySQL database",
            "egress": [
              {
                "cidr_blocks": [
                  "0.0.0.0/0"
                ],
                "description": "Allow all outbound",
                "from_port": 0,
                "ipv6_cidr_blocks": [],
                "prefix_list_ids": [],
                "protocol": "-1",
                "security_groups": [],
                "self": false,
                "to_port": 0
              }
            ],
            "id": "sg-02d5fe3310c40670b",
            "ingress": [
              {
                "cidr_blocks": [],
                "description": "Allow MySQL only from EC2 app server",
                "from_port": 3306,
                "ipv6_cidr_blocks": [],
                "prefix_list_ids": [],
                "protocol": "tcp",
                "security_groups": [
                  "sg-0b6e5a2bbe685c30c"
                ],
                "self": false,
                "to_port": 3306
              }
            ],
            "name": "blockchain-ai-rds-sg",
            "name_prefix": "",
            "owner_id": "127521539785",
            "revoke_rules_on_delete": false,
            "tags": {
              "Environment": "dev",
              "Name": "blockchain-ai-rds-sg",
              "Project": "blockchain-ai"
            },
            "tags_all": {
              "Environment": "dev",
              "ManagedBy": "Terraform",
              "Name": "blockchain-ai-rds-sg",
              "Project": "blockchain-ai"
            },
            "timeouts": null,
            "vpc_id": "vpc-0dcc7546b1e7aa420"
          },
          "sensitive_attributes": [],
          "identity_schema_version": 0,
          "private": "eyJlMmJmYjczMC1lY2FhLTExZTYtOGY4OC0zNDM2M2JjN2M0YzAiOnsiY3JlYXRlIjo2MDAwMDAwMDAwMDAsImRlbGV0ZSI6OTAwMDAwMDAwMDAwfSwic2NoZW1hX3ZlcnNpb24iOiIxIn0=",
          "dependencies": [
            "module.security.aws_security_group.alb",
            "module.security.aws_security_group.ec2",
            "module.vpc.aws_vpc.main"
          ]
        }
      ]
    },
    {
      "module": "module.storage",
      "mode": "managed",
      "type": "aws_s3_bucket",
      "name": "app",
      "provider": "provider[\"registry.terraform.io/hashicorp/aws\"]",
      "instances": [
        {
          "schema_version": 0,
          "attributes": {
            "acceleration_status": "",
            "acl": null,
            "arn": "arn:aws:s3:::blockchain-ai-app-hrextw",
            "bucket": "blockchain-ai-app-hrextw",
            "bucket_domain_name": "blockchain-ai-app-hrextw.s3.amazonaws.com",
            "bucket_prefix": "",
            "bucket_regional_domain_name": "blockchain-ai-app-hrextw.s3.ap-south-1.amazonaws.com",
            "cors_rule": [],
            "force_destroy": false,
            "grant": [
              {
                "id": "dacae9ac62aa49afa93813510e1b6bc96cd7c91229153cd7ced6ebd2a44c39d5",
                "permissions": [
                  "FULL_CONTROL"
                ],
                "type": "CanonicalUser",
                "uri": ""
              }
            ],
            "hosted_zone_id": "Z11RGJOFQNVJUP",
            "id": "blockchain-ai-app-hrextw",
            "lifecycle_rule": [],
            "logging": [],
            "object_lock_configuration": [],
            "object_lock_enabled": false,
            "policy": "",
            "region": "ap-south-1",
            "replication_configuration": [],
            "request_payer": "BucketOwner",
            "server_side_encryption_configuration": [
              {
                "rule": [
                  {
                    "apply_server_side_encryption_by_default": [
                      {
                        "kms_master_key_id": "",
                        "sse_algorithm": "AES256"
                      }
                    ],
                    "bucket_key_enabled": false
                  }
                ]
              }
            ],
            "tags": {
              "Environment": "dev",
              "Name": "blockchain-ai-app-bucket",
              "Project": "blockchain-ai",
              "Purpose": "Application files and media uploads"
            },
            "tags_all": {
              "Environment": "dev",
              "ManagedBy": "Terraform",
              "Name": "blockchain-ai-app-bucket",
              "Project": "blockchain-ai",
              "Purpose": "Application files and media uploads"
            },
            "timeouts": null,
            "versioning": [
              {
                "enabled": false,
                "mfa_delete": false
              }
            ],
            "website": [],
            "website_domain": null,
            "website_endpoint": null
          },
          "sensitive_attributes": [],
          "identity_schema_version": 0,
          "private": "eyJlMmJmYjczMC1lY2FhLTExZTYtOGY4OC0zNDM2M2JjN2M0YzAiOnsiY3JlYXRlIjoxMjAwMDAwMDAwMDAwLCJkZWxldGUiOjM2MDAwMDAwMDAwMDAsInJlYWQiOjEyMDAwMDAwMDAwMDAsInVwZGF0ZSI6MTIwMDAwMDAwMDAwMH19",
          "dependencies": [
            "module.storage.random_string.bucket_suffix"
          ]
        }
      ]
    },
    {
      "module": "module.storage",
      "mode": "managed",
      "type": "aws_s3_bucket",
      "name": "logs",
      "provider": "provider[\"registry.terraform.io/hashicorp/aws\"]",
      "instances": [
        {
          "schema_version": 0,
          "attributes": {
            "acceleration_status": "",
            "acl": null,
            "arn": "arn:aws:s3:::blockchain-ai-logs-hrextw",
            "bucket": "blockchain-ai-logs-hrextw",
            "bucket_domain_name": "blockchain-ai-logs-hrextw.s3.amazonaws.com",
            "bucket_prefix": "",
            "bucket_regional_domain_name": "blockchain-ai-logs-hrextw.s3.ap-south-1.amazonaws.com",
            "cors_rule": [],
            "force_destroy": false,
            "grant": [
              {
                "id": "dacae9ac62aa49afa93813510e1b6bc96cd7c91229153cd7ced6ebd2a44c39d5",
                "permissions": [
                  "FULL_CONTROL"
                ],
                "type": "CanonicalUser",
                "uri": ""
              }
            ],
            "hosted_zone_id": "Z11RGJOFQNVJUP",
            "id": "blockchain-ai-logs-hrextw",
            "lifecycle_rule": [],
            "logging": [],
            "object_lock_configuration": [],
            "object_lock_enabled": false,
            "policy": "",
            "region": "ap-south-1",
            "replication_configuration": [],
            "request_payer": "BucketOwner",
            "server_side_encryption_configuration": [
              {
                "rule": [
                  {
                    "apply_server_side_encryption_by_default": [
                      {
                        "kms_master_key_id": "",
                        "sse_algorithm": "AES256"
                      }
                    ],
                    "bucket_key_enabled": false
                  }
                ]
              }
            ],
            "tags": {
              "Environment": "dev",
              "Name": "blockchain-ai-logs-bucket",
              "Project": "blockchain-ai",
              "Purpose": "ALB access logs and application logs"
            },
            "tags_all": {
              "Environment": "dev",
              "ManagedBy": "Terraform",
              "Name": "blockchain-ai-logs-bucket",
              "Project": "blockchain-ai",
              "Purpose": "ALB access logs and application logs"
            },
            "timeouts": null,
            "versioning": [
              {
                "enabled": false,
                "mfa_delete": false
              }
            ],
            "website": [],
            "website_domain": null,
            "website_endpoint": null
          },
          "sensitive_attributes": [],
          "identity_schema_version": 0,
          "private": "eyJlMmJmYjczMC1lY2FhLTExZTYtOGY4OC0zNDM2M2JjN2M0YzAiOnsiY3JlYXRlIjoxMjAwMDAwMDAwMDAwLCJkZWxldGUiOjM2MDAwMDAwMDAwMDAsInJlYWQiOjEyMDAwMDAwMDAwMDAsInVwZGF0ZSI6MTIwMDAwMDAwMDAwMH19",
          "dependencies": [
            "module.storage.random_string.bucket_suffix"
          ]
        }
      ]
    },
    {
      "module": "module.storage",
      "mode": "managed",
      "type": "aws_s3_bucket_lifecycle_configuration",
      "name": "app",
      "provider": "provider[\"registry.terraform.io/hashicorp/aws\"]",
      "instances": [
        {
          "schema_version": 1,
          "attributes": {
            "bucket": "blockchain-ai-app-hrextw",
            "expected_bucket_owner": "",
            "id": "blockchain-ai-app-hrextw",
            "rule": [
              {
                "abort_incomplete_multipart_upload": [],
                "expiration": [],
                "filter": [
                  {
                    "and": [],
                    "object_size_greater_than": null,
                    "object_size_less_than": null,
                    "prefix": "",
                    "tag": []
                  }
                ],
                "id": "archive-old-versions",
                "noncurrent_version_expiration": [
                  {
                    "newer_noncurrent_versions": null,
                    "noncurrent_days": 90
                  }
                ],
                "noncurrent_version_transition": [
                  {
                    "newer_noncurrent_versions": null,
                    "noncurrent_days": 30,
                    "storage_class": "STANDARD_IA"
                  }
                ],
                "prefix": "",
                "status": "Enabled",
                "transition": []
              }
            ],
            "timeouts": null,
            "transition_default_minimum_object_size": "all_storage_classes_128K"
          },
          "sensitive_attributes": [],
          "identity_schema_version": 0,
          "dependencies": [
            "module.storage.aws_s3_bucket.app",
            "module.storage.random_string.bucket_suffix"
          ]
        }
      ]
    },
    {
      "module": "module.storage",
      "mode": "managed",
      "type": "aws_s3_bucket_lifecycle_configuration",
      "name": "logs",
      "provider": "provider[\"registry.terraform.io/hashicorp/aws\"]",
      "instances": [
        {
          "schema_version": 1,
          "attributes": {
            "bucket": "blockchain-ai-logs-hrextw",
            "expected_bucket_owner": "",
            "id": "blockchain-ai-logs-hrextw",
            "rule": [
              {
                "abort_incomplete_multipart_upload": [],
                "expiration": [
                  {
                    "date": null,
                    "days": 90,
                    "expired_object_delete_marker": false
                  }
                ],
                "filter": [
                  {
                    "and": [],
                    "object_size_greater_than": null,
                    "object_size_less_than": null,
                    "prefix": "",
                    "tag": []
                  }
                ],
                "id": "expire-old-logs",
                "noncurrent_version_expiration": [],
                "noncurrent_version_transition": [],
                "prefix": "",
                "status": "Enabled",
                "transition": []
              }
            ],
            "timeouts": null,
            "transition_default_minimum_object_size": "all_storage_classes_128K"
          },
          "sensitive_attributes": [],
          "identity_schema_version": 0,
          "dependencies": [
            "module.storage.aws_s3_bucket.logs",
            "module.storage.random_string.bucket_suffix"
          ]
        }
      ]
    },
    {
      "module": "module.storage",
      "mode": "managed",
      "type": "aws_s3_bucket_public_access_block",
      "name": "app",
      "provider": "provider[\"registry.terraform.io/hashicorp/aws\"]",
      "instances": [
        {
          "schema_version": 0,
          "attributes": {
            "block_public_acls": true,
            "block_public_policy": true,
            "bucket": "blockchain-ai-app-hrextw",
            "id": "blockchain-ai-app-hrextw",
            "ignore_public_acls": true,
            "restrict_public_buckets": true
          },
          "sensitive_attributes": [],
          "identity_schema_version": 0,
          "private": "bnVsbA==",
          "dependencies": [
            "module.storage.aws_s3_bucket.app",
            "module.storage.random_string.bucket_suffix"
          ]
        }
      ]
    },
    {
      "module": "module.storage",
      "mode": "managed",
      "type": "aws_s3_bucket_public_access_block",
      "name": "logs",
      "provider": "provider[\"registry.terraform.io/hashicorp/aws\"]",
      "instances": [
        {
          "schema_version": 0,
          "attributes": {
            "block_public_acls": true,
            "block_public_policy": true,
            "bucket": "blockchain-ai-logs-hrextw",
            "id": "blockchain-ai-logs-hrextw",
            "ignore_public_acls": true,
            "restrict_public_buckets": true
          },
          "sensitive_attributes": [],
          "identity_schema_version": 0,
          "private": "bnVsbA==",
          "dependencies": [
            "module.storage.aws_s3_bucket.logs",
            "module.storage.random_string.bucket_suffix"
          ]
        }
      ]
    },
    {
      "module": "module.storage",
      "mode": "managed",
      "type": "aws_s3_bucket_server_side_encryption_configuration",
      "name": "app",
      "provider": "provider[\"registry.terraform.io/hashicorp/aws\"]",
      "instances": [
        {
          "schema_version": 0,
          "attributes": {
            "bucket": "blockchain-ai-app-hrextw",
            "expected_bucket_owner": "",
            "id": "blockchain-ai-app-hrextw",
            "rule": [
              {
                "apply_server_side_encryption_by_default": [
                  {
                    "kms_master_key_id": "",
                    "sse_algorithm": "AES256"
                  }
                ],
                "bucket_key_enabled": null
              }
            ]
          },
          "sensitive_attributes": [],
          "identity_schema_version": 0,
          "private": "bnVsbA==",
          "dependencies": [
            "module.storage.aws_s3_bucket.app",
            "module.storage.random_string.bucket_suffix"
          ]
        }
      ]
    },
    {
      "module": "module.storage",
      "mode": "managed",
      "type": "aws_s3_bucket_versioning",
      "name": "app",
      "provider": "provider[\"registry.terraform.io/hashicorp/aws\"]",
      "instances": [
        {
          "schema_version": 0,
          "attributes": {
            "bucket": "blockchain-ai-app-hrextw",
            "expected_bucket_owner": "",
            "id": "blockchain-ai-app-hrextw",
            "mfa": null,
            "versioning_configuration": [
              {
                "mfa_delete": "",
                "status": "Enabled"
              }
            ]
          },
          "sensitive_attributes": [],
          "identity_schema_version": 0,
          "private": "bnVsbA==",
          "dependencies": [
            "module.storage.aws_s3_bucket.app",
            "module.storage.random_string.bucket_suffix"
          ]
        }
      ]
    },
    {
      "module": "module.storage",
      "mode": "managed",
      "type": "random_string",
      "name": "bucket_suffix",
      "provider": "provider[\"registry.terraform.io/hashicorp/random\"]",
      "instances": [
        {
          "schema_version": 2,
          "attributes": {
            "id": "hrextw",
            "keepers": null,
            "length": 6,
            "lower": true,
            "min_lower": 0,
            "min_numeric": 0,
            "min_special": 0,
            "min_upper": 0,
            "number": true,
            "numeric": true,
            "override_special": null,
            "result": "hrextw",
            "special": false,
            "upper": false
          },
          "sensitive_attributes": [],
          "identity_schema_version": 0
        }
      ]
    },
    {
      "module": "module.vpc",
      "mode": "data",
      "type": "aws_availability_zones",
      "name": "available",
      "provider": "provider[\"registry.terraform.io/hashicorp/aws\"]",
      "instances": [
        {
          "schema_version": 0,
          "attributes": {
            "all_availability_zones": null,
            "exclude_names": null,
            "exclude_zone_ids": null,
            "filter": null,
            "group_names": [
              "ap-south-1-zg-1"
            ],
            "id": "ap-south-1",
            "names": [
              "ap-south-1a",
              "ap-south-1b",
              "ap-south-1c"
            ],
            "state": "available",
            "timeouts": null,
            "zone_ids": [
              "aps1-az1",
              "aps1-az3",
              "aps1-az2"
            ]
          },
          "sensitive_attributes": [],
          "identity_schema_version": 0
        }
      ]
    },
    {
      "module": "module.vpc",
      "mode": "managed",
      "type": "aws_internet_gateway",
      "name": "main",
      "provider": "provider[\"registry.terraform.io/hashicorp/aws\"]",
      "instances": [
        {
          "schema_version": 0,
          "attributes": {
            "arn": "arn:aws:ec2:ap-south-1:127521539785:internet-gateway/igw-04465d13488b945d9",
            "id": "igw-04465d13488b945d9",
            "owner_id": "127521539785",
            "tags": {
              "Environment": "dev",
              "Name": "blockchain-ai-igw",
              "Project": "blockchain-ai"
            },
            "tags_all": {
              "Environment": "dev",
              "ManagedBy": "Terraform",
              "Name": "blockchain-ai-igw",
              "Project": "blockchain-ai"
            },
            "timeouts": null,
            "vpc_id": "vpc-0dcc7546b1e7aa420"
          },
          "sensitive_attributes": [],
          "identity_schema_version": 0,
          "private": "eyJlMmJmYjczMC1lY2FhLTExZTYtOGY4OC0zNDM2M2JjN2M0YzAiOnsiY3JlYXRlIjoxMjAwMDAwMDAwMDAwLCJkZWxldGUiOjEyMDAwMDAwMDAwMDAsInVwZGF0ZSI6MTIwMDAwMDAwMDAwMH19",
          "dependencies": [
            "module.vpc.aws_vpc.main"
          ]
        }
      ]
    },
    {
      "module": "module.vpc",
      "mode": "managed",
      "type": "aws_route_table",
      "name": "private",
      "provider": "provider[\"registry.terraform.io/hashicorp/aws\"]",
      "instances": [
        {
          "schema_version": 0,
          "attributes": {
            "arn": "arn:aws:ec2:ap-south-1:127521539785:route-table/rtb-036e2b98f2cbf8b8b",
            "id": "rtb-036e2b98f2cbf8b8b",
            "owner_id": "127521539785",
            "propagating_vgws": [],
            "route": [],
            "tags": {
              "Environment": "dev",
              "Name": "blockchain-ai-private-rt",
              "Project": "blockchain-ai"
            },
            "tags_all": {
              "Environment": "dev",
              "ManagedBy": "Terraform",
              "Name": "blockchain-ai-private-rt",
              "Project": "blockchain-ai"
            },
            "timeouts": null,
            "vpc_id": "vpc-0dcc7546b1e7aa420"
          },
          "sensitive_attributes": [],
          "identity_schema_version": 0,
          "private": "eyJlMmJmYjczMC1lY2FhLTExZTYtOGY4OC0zNDM2M2JjN2M0YzAiOnsiY3JlYXRlIjozMDAwMDAwMDAwMDAsImRlbGV0ZSI6MzAwMDAwMDAwMDAwLCJ1cGRhdGUiOjEyMDAwMDAwMDAwMH19",
          "dependencies": [
            "module.vpc.aws_vpc.main"
          ]
        }
      ]
    },
    {
      "module": "module.vpc",
      "mode": "managed",
      "type": "aws_route_table",
      "name": "public",
      "provider": "provider[\"registry.terraform.io/hashicorp/aws\"]",
      "instances": [
        {
          "schema_version": 0,
          "attributes": {
            "arn": "arn:aws:ec2:ap-south-1:127521539785:route-table/rtb-0698c504de2f9019f",
            "id": "rtb-0698c504de2f9019f",
            "owner_id": "127521539785",
            "propagating_vgws": [],
            "route": [
              {
                "carrier_gateway_id": "",
                "cidr_block": "0.0.0.0/0",
                "core_network_arn": "",
                "destination_prefix_list_id": "",
                "egress_only_gateway_id": "",
                "gateway_id": "igw-04465d13488b945d9",
                "ipv6_cidr_block": "",
                "local_gateway_id": "",
                "nat_gateway_id": "",
                "network_interface_id": "",
                "transit_gateway_id": "",
                "vpc_endpoint_id": "",
                "vpc_peering_connection_id": ""
              }
            ],
            "tags": {
              "Environment": "dev",
              "Name": "blockchain-ai-public-rt",
              "Project": "blockchain-ai"
            },
            "tags_all": {
              "Environment": "dev",
              "ManagedBy": "Terraform",
              "Name": "blockchain-ai-public-rt",
              "Project": "blockchain-ai"
            },
            "timeouts": null,
            "vpc_id": "vpc-0dcc7546b1e7aa420"
          },
          "sensitive_attributes": [],
          "identity_schema_version": 0,
          "private": "eyJlMmJmYjczMC1lY2FhLTExZTYtOGY4OC0zNDM2M2JjN2M0YzAiOnsiY3JlYXRlIjozMDAwMDAwMDAwMDAsImRlbGV0ZSI6MzAwMDAwMDAwMDAwLCJ1cGRhdGUiOjEyMDAwMDAwMDAwMH19",
          "dependencies": [
            "module.vpc.aws_internet_gateway.main",
            "module.vpc.aws_vpc.main"
          ]
        }
      ]
    },
    {
      "module": "module.vpc",
      "mode": "managed",
      "type": "aws_route_table_association",
      "name": "private",
      "provider": "provider[\"registry.terraform.io/hashicorp/aws\"]",
      "instances": [
        {
          "index_key": 0,
          "schema_version": 0,
          "attributes": {
            "gateway_id": "",
            "id": "rtbassoc-04c67cb257045da49",
            "route_table_id": "rtb-036e2b98f2cbf8b8b",
            "subnet_id": "subnet-0bee3d32cdc383db2",
            "timeouts": null
          },
          "sensitive_attributes": [],
          "identity_schema_version": 0,
          "private": "eyJlMmJmYjczMC1lY2FhLTExZTYtOGY4OC0zNDM2M2JjN2M0YzAiOnsiY3JlYXRlIjozMDAwMDAwMDAwMDAsImRlbGV0ZSI6MzAwMDAwMDAwMDAwLCJ1cGRhdGUiOjEyMDAwMDAwMDAwMH19",
          "dependencies": [
            "module.vpc.aws_route_table.private",
            "module.vpc.aws_subnet.private",
            "module.vpc.aws_vpc.main",
            "module.vpc.data.aws_availability_zones.available"
          ]
        },
        {
          "index_key": 1,
          "schema_version": 0,
          "attributes": {
            "gateway_id": "",
            "id": "rtbassoc-0d3d725f38c3a0849",
            "route_table_id": "rtb-036e2b98f2cbf8b8b",
            "subnet_id": "subnet-0b5cd2e9243571f5b",
            "timeouts": null
          },
          "sensitive_attributes": [],
          "identity_schema_version": 0,
          "private": "eyJlMmJmYjczMC1lY2FhLTExZTYtOGY4OC0zNDM2M2JjN2M0YzAiOnsiY3JlYXRlIjozMDAwMDAwMDAwMDAsImRlbGV0ZSI6MzAwMDAwMDAwMDAwLCJ1cGRhdGUiOjEyMDAwMDAwMDAwMH19",
          "dependencies": [
            "module.vpc.aws_route_table.private",
            "module.vpc.aws_subnet.private",
            "module.vpc.aws_vpc.main",
            "module.vpc.data.aws_availability_zones.available"
          ]
        }
      ]
    },
    {
      "module": "module.vpc",
      "mode": "managed",
      "type": "aws_route_table_association",
      "name": "public",
      "provider": "provider[\"registry.terraform.io/hashicorp/aws\"]",
      "instances": [
        {
          "index_key": 0,
          "schema_version": 0,
          "attributes": {
            "gateway_id": "",
            "id": "rtbassoc-0addec83a9ee3d0a1",
            "route_table_id": "rtb-0698c504de2f9019f",
            "subnet_id": "subnet-01f55bf13e86a6207",
            "timeouts": null
          },
          "sensitive_attributes": [],
          "identity_schema_version": 0,
          "private": "eyJlMmJmYjczMC1lY2FhLTExZTYtOGY4OC0zNDM2M2JjN2M0YzAiOnsiY3JlYXRlIjozMDAwMDAwMDAwMDAsImRlbGV0ZSI6MzAwMDAwMDAwMDAwLCJ1cGRhdGUiOjEyMDAwMDAwMDAwMH19",
          "dependencies": [
            "module.vpc.aws_internet_gateway.main",
            "module.vpc.aws_route_table.public",
            "module.vpc.aws_subnet.public",
            "module.vpc.aws_vpc.main",
            "module.vpc.data.aws_availability_zones.available"
          ]
        },
        {
          "index_key": 1,
          "schema_version": 0,
          "attributes": {
            "gateway_id": "",
            "id": "rtbassoc-0a27555cfe176098b",
            "route_table_id": "rtb-0698c504de2f9019f",
            "subnet_id": "subnet-0bd536d01ad543251",
            "timeouts": null
          },
          "sensitive_attributes": [],
          "identity_schema_version": 0,
          "private": "eyJlMmJmYjczMC1lY2FhLTExZTYtOGY4OC0zNDM2M2JjN2M0YzAiOnsiY3JlYXRlIjozMDAwMDAwMDAwMDAsImRlbGV0ZSI6MzAwMDAwMDAwMDAwLCJ1cGRhdGUiOjEyMDAwMDAwMDAwMH19",
          "dependencies": [
            "module.vpc.aws_internet_gateway.main",
            "module.vpc.aws_route_table.public",
            "module.vpc.aws_subnet.public",
            "module.vpc.aws_vpc.main",
            "module.vpc.data.aws_availability_zones.available"
          ]
        }
      ]
    },
    {
      "module": "module.vpc",
      "mode": "managed",
      "type": "aws_subnet",
      "name": "private",
      "provider": "provider[\"registry.terraform.io/hashicorp/aws\"]",
      "instances": [
        {
          "index_key": 0,
          "schema_version": 1,
          "attributes": {
            "arn": "arn:aws:ec2:ap-south-1:127521539785:subnet/subnet-0bee3d32cdc383db2",
            "assign_ipv6_address_on_creation": false,
            "availability_zone": "ap-south-1a",
            "availability_zone_id": "aps1-az1",
            "cidr_block": "10.0.3.0/24",
            "customer_owned_ipv4_pool": "",
            "enable_dns64": false,
            "enable_lni_at_device_index": 0,
            "enable_resource_name_dns_a_record_on_launch": false,
            "enable_resource_name_dns_aaaa_record_on_launch": false,
            "id": "subnet-0bee3d32cdc383db2",
            "ipv6_cidr_block": "",
            "ipv6_cidr_block_association_id": "",
            "ipv6_native": false,
            "map_customer_owned_ip_on_launch": false,
            "map_public_ip_on_launch": false,
            "outpost_arn": "",
            "owner_id": "127521539785",
            "private_dns_hostname_type_on_launch": "ip-name",
            "tags": {
              "Environment": "dev",
              "Name": "blockchain-ai-private-subnet-1",
              "Project": "blockchain-ai",
              "Type": "Private"
            },
            "tags_all": {
              "Environment": "dev",
              "ManagedBy": "Terraform",
              "Name": "blockchain-ai-private-subnet-1",
              "Project": "blockchain-ai",
              "Type": "Private"
            },
            "timeouts": null,
            "vpc_id": "vpc-0dcc7546b1e7aa420"
          },
          "sensitive_attributes": [],
          "identity_schema_version": 0,
          "private": "eyJlMmJmYjczMC1lY2FhLTExZTYtOGY4OC0zNDM2M2JjN2M0YzAiOnsiY3JlYXRlIjo2MDAwMDAwMDAwMDAsImRlbGV0ZSI6MTIwMDAwMDAwMDAwMH0sInNjaGVtYV92ZXJzaW9uIjoiMSJ9",
          "dependencies": [
            "module.vpc.aws_vpc.main",
            "module.vpc.data.aws_availability_zones.available"
          ]
        },
        {
          "index_key": 1,
          "schema_version": 1,
          "attributes": {
            "arn": "arn:aws:ec2:ap-south-1:127521539785:subnet/subnet-0b5cd2e9243571f5b",
            "assign_ipv6_address_on_creation": false,
            "availability_zone": "ap-south-1b",
            "availability_zone_id": "aps1-az3",
            "cidr_block": "10.0.4.0/24",
            "customer_owned_ipv4_pool": "",
            "enable_dns64": false,
            "enable_lni_at_device_index": 0,
            "enable_resource_name_dns_a_record_on_launch": false,
            "enable_resource_name_dns_aaaa_record_on_launch": false,
            "id": "subnet-0b5cd2e9243571f5b",
            "ipv6_cidr_block": "",
            "ipv6_cidr_block_association_id": "",
            "ipv6_native": false,
            "map_customer_owned_ip_on_launch": false,
            "map_public_ip_on_launch": false,
            "outpost_arn": "",
            "owner_id": "127521539785",
            "private_dns_hostname_type_on_launch": "ip-name",
            "tags": {
              "Environment": "dev",
              "Name": "blockchain-ai-private-subnet-2",
              "Project": "blockchain-ai",
              "Type": "Private"
            },
            "tags_all": {
              "Environment": "dev",
              "ManagedBy": "Terraform",
              "Name": "blockchain-ai-private-subnet-2",
              "Project": "blockchain-ai",
              "Type": "Private"
            },
            "timeouts": null,
            "vpc_id": "vpc-0dcc7546b1e7aa420"
          },
          "sensitive_attributes": [],
          "identity_schema_version": 0,
          "private": "eyJlMmJmYjczMC1lY2FhLTExZTYtOGY4OC0zNDM2M2JjN2M0YzAiOnsiY3JlYXRlIjo2MDAwMDAwMDAwMDAsImRlbGV0ZSI6MTIwMDAwMDAwMDAwMH0sInNjaGVtYV92ZXJzaW9uIjoiMSJ9",
          "dependencies": [
            "module.vpc.aws_vpc.main",
            "module.vpc.data.aws_availability_zones.available"
          ]
        }
      ]
    },
    {
      "module": "module.vpc",
      "mode": "managed",
      "type": "aws_subnet",
      "name": "public",
      "provider": "provider[\"registry.terraform.io/hashicorp/aws\"]",
      "instances": [
        {
          "index_key": 0,
          "schema_version": 1,
          "attributes": {
            "arn": "arn:aws:ec2:ap-south-1:127521539785:subnet/subnet-01f55bf13e86a6207",
            "assign_ipv6_address_on_creation": false,
            "availability_zone": "ap-south-1a",
            "availability_zone_id": "aps1-az1",
            "cidr_block": "10.0.1.0/24",
            "customer_owned_ipv4_pool": "",
            "enable_dns64": false,
            "enable_lni_at_device_index": 0,
            "enable_resource_name_dns_a_record_on_launch": false,
            "enable_resource_name_dns_aaaa_record_on_launch": false,
            "id": "subnet-01f55bf13e86a6207",
            "ipv6_cidr_block": "",
            "ipv6_cidr_block_association_id": "",
            "ipv6_native": false,
            "map_customer_owned_ip_on_launch": false,
            "map_public_ip_on_launch": true,
            "outpost_arn": "",
            "owner_id": "127521539785",
            "private_dns_hostname_type_on_launch": "ip-name",
            "tags": {
              "Environment": "dev",
              "Name": "blockchain-ai-public-subnet-1",
              "Project": "blockchain-ai",
              "Type": "Public"
            },
            "tags_all": {
              "Environment": "dev",
              "ManagedBy": "Terraform",
              "Name": "blockchain-ai-public-subnet-1",
              "Project": "blockchain-ai",
              "Type": "Public"
            },
            "timeouts": null,
            "vpc_id": "vpc-0dcc7546b1e7aa420"
          },
          "sensitive_attributes": [],
          "identity_schema_version": 0,
          "private": "eyJlMmJmYjczMC1lY2FhLTExZTYtOGY4OC0zNDM2M2JjN2M0YzAiOnsiY3JlYXRlIjo2MDAwMDAwMDAwMDAsImRlbGV0ZSI6MTIwMDAwMDAwMDAwMH0sInNjaGVtYV92ZXJzaW9uIjoiMSJ9",
          "dependencies": [
            "module.vpc.aws_vpc.main",
            "module.vpc.data.aws_availability_zones.available"
          ]
        },
        {
          "index_key": 1,
          "schema_version": 1,
          "attributes": {
            "arn": "arn:aws:ec2:ap-south-1:127521539785:subnet/subnet-0bd536d01ad543251",
            "assign_ipv6_address_on_creation": false,
            "availability_zone": "ap-south-1b",
            "availability_zone_id": "aps1-az3",
            "cidr_block": "10.0.2.0/24",
            "customer_owned_ipv4_pool": "",
            "enable_dns64": false,
            "enable_lni_at_device_index": 0,
            "enable_resource_name_dns_a_record_on_launch": false,
            "enable_resource_name_dns_aaaa_record_on_launch": false,
            "id": "subnet-0bd536d01ad543251",
            "ipv6_cidr_block": "",
            "ipv6_cidr_block_association_id": "",
            "ipv6_native": false,
            "map_customer_owned_ip_on_launch": false,
            "map_public_ip_on_launch": true,
            "outpost_arn": "",
            "owner_id": "127521539785",
            "private_dns_hostname_type_on_launch": "ip-name",
            "tags": {
              "Environment": "dev",
              "Name": "blockchain-ai-public-subnet-2",
              "Project": "blockchain-ai",
              "Type": "Public"
            },
            "tags_all": {
              "Environment": "dev",
              "ManagedBy": "Terraform",
              "Name": "blockchain-ai-public-subnet-2",
              "Project": "blockchain-ai",
              "Type": "Public"
            },
            "timeouts": null,
            "vpc_id": "vpc-0dcc7546b1e7aa420"
          },
          "sensitive_attributes": [],
          "identity_schema_version": 0,
          "private": "eyJlMmJmYjczMC1lY2FhLTExZTYtOGY4OC0zNDM2M2JjN2M0YzAiOnsiY3JlYXRlIjo2MDAwMDAwMDAwMDAsImRlbGV0ZSI6MTIwMDAwMDAwMDAwMH0sInNjaGVtYV92ZXJzaW9uIjoiMSJ9",
          "dependencies": [
            "module.vpc.aws_vpc.main",
            "module.vpc.data.aws_availability_zones.available"
          ]
        }
      ]
    },
    {
      "module": "module.vpc",
      "mode": "managed",
      "type": "aws_vpc",
      "name": "main",
      "provider": "provider[\"registry.terraform.io/hashicorp/aws\"]",
      "instances": [
        {
          "schema_version": 1,
          "attributes": {
            "arn": "arn:aws:ec2:ap-south-1:127521539785:vpc/vpc-0dcc7546b1e7aa420",
            "assign_generated_ipv6_cidr_block": false,
            "cidr_block": "10.0.0.0/16",
            "default_network_acl_id": "acl-09dc9e16971d96c43",
            "default_route_table_id": "rtb-092e3d8e2a680a342",
            "default_security_group_id": "sg-05f418c194a63d889",
            "dhcp_options_id": "dopt-0f9c3361449711a5b",
            "enable_dns_hostnames": true,
            "enable_dns_support": true,
            "enable_network_address_usage_metrics": false,
            "id": "vpc-0dcc7546b1e7aa420",
            "instance_tenancy": "default",
            "ipv4_ipam_pool_id": null,
            "ipv4_netmask_length": null,
            "ipv6_association_id": "",
            "ipv6_cidr_block": "",
            "ipv6_cidr_block_network_border_group": "",
            "ipv6_ipam_pool_id": "",
            "ipv6_netmask_length": 0,
            "main_route_table_id": "rtb-092e3d8e2a680a342",
            "owner_id": "127521539785",
            "tags": {
              "Environment": "dev",
              "Name": "blockchain-ai-vpc",
              "Project": "blockchain-ai"
            },
            "tags_all": {
              "Environment": "dev",
              "ManagedBy": "Terraform",
              "Name": "blockchain-ai-vpc",
              "Project": "blockchain-ai"
            }
          },
          "sensitive_attributes": [],
          "identity_schema_version": 0,
          "private": "eyJzY2hlbWFfdmVyc2lvbiI6IjEifQ=="
        }
      ]
    }
  ],
  "check_results": null
}
